// !$*UTF8*$!
{
	archiveVersion = 1;
	classes = {
	};
	objectVersion = 42;
	objects = {

/* Begin PBXAggregateTarget section */
		6DD6406DD6406DD640000000 /* ALL_BUILD */ = {
			isa = PBXAggregateTarget;
			buildConfigurationList = 6DE8A06DE8A06DE8A0000000 /* Build configuration list for PBXAggregateTarget "ALL_BUILD" */;
			buildPhases = (
				6DD8206DD8206DD820000000 /* CMake ReRun */,
				6DDF106DDF106DDF10000000 /* CMake Rules */,
			);
			dependencies = (
				103FFE0103FFE0103FFE0000 /* PBXTargetDependency */,
			);
			name = ALL_BUILD;
			productName = ALL_BUILD;
		};
/* End PBXAggregateTarget section */

/* Begin PBXBuildFile section */
		100071010007101000710000 /* seqlistview.cpp in Sources */ = {isa = PBXBuildFile; fileRef = 100017010001701000170000 /* seqlistview.cpp */; settings = {COMPILER_FLAGS = ""; }; };
		10010C010010C010010C0000 /* zonemgr.cpp in Sources */ = {isa = PBXBuildFile; fileRef = 1000C501000C501000C50000 /* zonemgr.cpp */; settings = {COMPILER_FLAGS = ""; }; };
		1001CB01001CB01001CB0000 /* spawnmonitor.cpp in Sources */ = {isa = PBXBuildFile; fileRef = 100171010017101001710000 /* spawnmonitor.cpp */; settings = {COMPILER_FLAGS = ""; }; };
		10027A010027A010027A0000 /* spawnpointlist.cpp in Sources */ = {isa = PBXBuildFile; fileRef = 10021F010021F010021F0000 /* spawnpointlist.cpp */; settings = {COMPILER_FLAGS = ""; }; };
		100327010032701003270000 /* spawnlistcommon.cpp in Sources */ = {isa = PBXBuildFile; fileRef = 1002CC01002CC01002CC0000 /* spawnlistcommon.cpp */; settings = {COMPILER_FLAGS = ""; }; };
		1003D301003D301003D30000 /* spawnlist2.cpp in Sources */ = {isa = PBXBuildFile; fileRef = 100379010037901003790000 /* spawnlist2.cpp */; settings = {COMPILER_FLAGS = ""; }; };
		10046E010046E010046E0000 /* spells.cpp in Sources */ = {isa = PBXBuildFile; fileRef = 100427010042701004270000 /* spells.cpp */; settings = {COMPILER_FLAGS = ""; }; };
		10052D010052D010052D0000 /* datetimemgr.cpp in Sources */ = {isa = PBXBuildFile; fileRef = 1004D301004D301004D30000 /* datetimemgr.cpp */; settings = {COMPILER_FLAGS = ""; }; };
		1005C801005C801005C80000 /* spawnlog.cpp in Sources */ = {isa = PBXBuildFile; fileRef = 100581010058101005810000 /* spawnlog.cpp */; settings = {COMPILER_FLAGS = ""; }; };
		100687010068701006870000 /* packetlog.cpp in Sources */ = {isa = PBXBuildFile; fileRef = 10062D010062D010062D0000 /* packetlog.cpp */; settings = {COMPILER_FLAGS = ""; }; };
		100736010073601007360000 /* datalocationmgr.cpp in Sources */ = {isa = PBXBuildFile; fileRef = 1006DB01006DB01006DB0000 /* datalocationmgr.cpp */; settings = {COMPILER_FLAGS = ""; }; };
		1007CF01007CF01007CF0000 /* eqstr.cpp in Sources */ = {isa = PBXBuildFile; fileRef = 100788010078801007880000 /* eqstr.cpp */; settings = {COMPILER_FLAGS = ""; }; };
		10087D010087D010087D0000 /* messages.cpp in Sources */ = {isa = PBXBuildFile; fileRef = 100836010083601008360000 /* messages.cpp */; settings = {COMPILER_FLAGS = ""; }; };
		100929010092901009290000 /* message.cpp in Sources */ = {isa = PBXBuildFile; fileRef = 1008E201008E201008E20000 /* message.cpp */; settings = {COMPILER_FLAGS = ""; }; };
		1009E801009E801009E80000 /* messagefilter.cpp in Sources */ = {isa = PBXBuildFile; fileRef = 10098E010098E010098E0000 /* messagefilter.cpp */; settings = {COMPILER_FLAGS = ""; }; };
		100A960100A960100A960000 /* messagewindow.cpp in Sources */ = {isa = PBXBuildFile; fileRef = 100A3C0100A3C0100A3C0000 /* messagewindow.cpp */; settings = {COMPILER_FLAGS = ""; }; };
		100B440100B440100B440000 /* messageshell.cpp in Sources */ = {isa = PBXBuildFile; fileRef = 100AEA0100AEA0100AEA0000 /* messageshell.cpp */; settings = {COMPILER_FLAGS = ""; }; };
		100BDF0100BDF0100BDF0000 /* terminal.cpp in Sources */ = {isa = PBXBuildFile; fileRef = 100B980100B980100B980000 /* terminal.cpp */; settings = {COMPILER_FLAGS = ""; }; };
		100C8B0100C8B0100C8B0000 /* filteredspawnlog.cpp in Sources */ = {isa = PBXBuildFile; fileRef = 100C440100C440100C440000 /* filteredspawnlog.cpp */; settings = {COMPILER_FLAGS = ""; }; };
		100D4F0100D4F0100D4F0000 /* messagefilterdialog.cpp in Sources */ = {isa = PBXBuildFile; fileRef = 100D370100D370100D370000 /* messagefilterdialog.cpp */; settings = {COMPILER_FLAGS = ""; }; };
		100DEE0100DEE0100DEE0000 /* diagnosticmessages.cpp in Sources */ = {isa = PBXBuildFile; fileRef = 100DE60100DE60100DE60000 /* diagnosticmessages.cpp */; settings = {COMPILER_FLAGS = ""; }; };
		100E9E0100E9E0100E9E0000 /* mapicon.cpp in Sources */ = {isa = PBXBuildFile; fileRef = 100E970100E970100E970000 /* mapicon.cpp */; settings = {COMPILER_FLAGS = ""; }; };
		100F460100F460100F460000 /* filternotifications.cpp in Sources */ = {isa = PBXBuildFile; fileRef = 100EFF0100EFF0100EFF0000 /* filternotifications.cpp */; settings = {COMPILER_FLAGS = ""; }; };
		101000010100001010000000 /* netstream.cpp in Sources */ = {isa = PBXBuildFile; fileRef = 100FF20100FF20100FF20000 /* netstream.cpp */; settings = {COMPILER_FLAGS = ""; }; };
		1010A301010A301010A30000 /* guildshell.cpp in Sources */ = {isa = PBXBuildFile; fileRef = 101058010105801010580000 /* guildshell.cpp */; settings = {COMPILER_FLAGS = ""; }; };
		101160010116001011600000 /* guildlist.cpp in Sources */ = {isa = PBXBuildFile; fileRef = 101106010110601011060000 /* guildlist.cpp */; settings = {COMPILER_FLAGS = ""; }; };
		10120E010120E010120E0000 /* bazaarlog.cpp in Sources */ = {isa = PBXBuildFile; fileRef = 1011B401011B401011B40000 /* bazaarlog.cpp */; settings = {COMPILER_FLAGS = ""; }; };
		1012B901012B901012B90000 /* mapicondialog.cpp in Sources */ = {isa = PBXBuildFile; fileRef = 101262010126201012620000 /* mapicondialog.cpp */; settings = {COMPILER_FLAGS = ""; }; };
		101369010136901013690000 /* mapicondialog.moc.cpp in Sources */ = {isa = PBXBuildFile; fileRef = 101310010131001013100000 /* mapicondialog.moc.cpp */; settings = {COMPILER_FLAGS = ""; }; };
		6E4D106E4D106E4D10000000 /* main.cpp in Sources */ = {isa = PBXBuildFile; fileRef = 6E4B206E4B206E4B20000000 /* main.cpp */; settings = {COMPILER_FLAGS = ""; }; };
		6E57206E57206E5720000000 /* spawn.cpp in Sources */ = {isa = PBXBuildFile; fileRef = 6E52706E52706E5270000000 /* spawn.cpp */; settings = {COMPILER_FLAGS = ""; }; };
		6E62006E62006E6200000000 /* spawnshell.cpp in Sources */ = {isa = PBXBuildFile; fileRef = 6E5D406E5D406E5D40000000 /* spawnshell.cpp */; settings = {COMPILER_FLAGS = ""; }; };
		6E6D706E6D706E6D70000000 /* spawnlist.cpp in Sources */ = {isa = PBXBuildFile; fileRef = 6E68206E68206E6820000000 /* spawnlist.cpp */; settings = {COMPILER_FLAGS = ""; }; };
		6E78306E78306E7830000000 /* spellshell.cpp in Sources */ = {isa = PBXBuildFile; fileRef = 6E72E06E72E06E72E0000000 /* spellshell.cpp */; settings = {COMPILER_FLAGS = ""; }; };
		6E83606E83606E8360000000 /* spelllist.cpp in Sources */ = {isa = PBXBuildFile; fileRef = 6E7DD06E7DD06E7DD0000000 /* spelllist.cpp */; settings = {COMPILER_FLAGS = ""; }; };
		6E8D706E8D706E8D70000000 /* vpacket.cpp in Sources */ = {isa = PBXBuildFile; fileRef = 6E88C06E88C06E88C0000000 /* vpacket.cpp */; settings = {COMPILER_FLAGS = ""; }; };
		6E98306E98306E9830000000 /* editor.cpp in Sources */ = {isa = PBXBuildFile; fileRef = 6E93806E93806E9380000000 /* editor.cpp */; settings = {COMPILER_FLAGS = ""; }; };
		6EA3906EA3906EA390000000 /* filter.cpp in Sources */ = {isa = PBXBuildFile; fileRef = 6E9E406E9E406E9E40000000 /* filter.cpp */; settings = {COMPILER_FLAGS = ""; }; };
		6EAEC06EAEC06EAEC0000000 /* packetfragment.cpp in Sources */ = {isa = PBXBuildFile; fileRef = 6EA9106EA9106EA910000000 /* packetfragment.cpp */; settings = {COMPILER_FLAGS = ""; }; };
		6EB9306EB9306EB930000000 /* packetstream.cpp in Sources */ = {isa = PBXBuildFile; fileRef = 6EB3E06EB3E06EB3E0000000 /* packetstream.cpp */; settings = {COMPILER_FLAGS = ""; }; };
		6EC3F06EC3F06EC3F0000000 /* packetinfo.cpp in Sources */ = {isa = PBXBuildFile; fileRef = 6EBEA06EBEA06EBEA0000000 /* packetinfo.cpp */; settings = {COMPILER_FLAGS = ""; }; };
		6ECE106ECE106ECE10000000 /* packet.cpp in Sources */ = {isa = PBXBuildFile; fileRef = 6EC9606EC9606EC960000000 /* packet.cpp */; settings = {COMPILER_FLAGS = ""; }; };
		6ED9706ED9706ED970000000 /* packetcapture.cpp in Sources */ = {isa = PBXBuildFile; fileRef = 6ED4206ED4206ED420000000 /* packetcapture.cpp */; settings = {COMPILER_FLAGS = ""; }; };
		6EE4306EE4306EE430000000 /* packetformat.cpp in Sources */ = {isa = PBXBuildFile; fileRef = 6EDEE06EDEE06EDEE0000000 /* packetformat.cpp */; settings = {COMPILER_FLAGS = ""; }; };
		6EEEF06EEEF06EEEF0000000 /* interface.cpp in Sources */ = {isa = PBXBuildFile; fileRef = 6EE9A06EE9A06EE9A0000000 /* interface.cpp */; settings = {COMPILER_FLAGS = ""; }; };
		6EF9106EF9106EF910000000 /* compass.cpp in Sources */ = {isa = PBXBuildFile; fileRef = 6EF4606EF4606EF460000000 /* compass.cpp */; settings = {COMPILER_FLAGS = ""; }; };
		6F04806F04806F0480000000 /* map.cpp in Sources */ = {isa = PBXBuildFile; fileRef = 6F03C06F03C06F03C0000000 /* map.cpp */; settings = {COMPILER_FLAGS = ""; }; };
		6F0F806F0F806F0F80000000 /* util.cpp in Sources */ = {isa = PBXBuildFile; fileRef = 6F0A406F0A406F0A40000000 /* util.cpp */; settings = {COMPILER_FLAGS = ""; }; };
		6F1A406F1A406F1A40000000 /* experiencelog.cpp in Sources */ = {isa = PBXBuildFile; fileRef = 6F14F06F14F06F14F0000000 /* experiencelog.cpp */; settings = {COMPILER_FLAGS = ""; }; };
		6F25006F25006F2500000000 /* combatlog.cpp in Sources */ = {isa = PBXBuildFile; fileRef = 6F1FB06F1FB06F1FB0000000 /* combatlog.cpp */; settings = {COMPILER_FLAGS = ""; }; };
		6F2F206F2F206F2F20000000 /* player.cpp in Sources */ = {isa = PBXBuildFile; fileRef = 6F2A706F2A706F2A70000000 /* player.cpp */; settings = {COMPILER_FLAGS = ""; }; };
		6F3A806F3A806F3A80000000 /* skilllist.cpp in Sources */ = {isa = PBXBuildFile; fileRef = 6F35306F35306F3530000000 /* skilllist.cpp */; settings = {COMPILER_FLAGS = ""; }; };
		6F44A06F44A06F44A0000000 /* statlist.cpp in Sources */ = {isa = PBXBuildFile; fileRef = 6F3FF06F3FF06F3FF0000000 /* statlist.cpp */; settings = {COMPILER_FLAGS = ""; }; };
		6F50006F50006F5000000000 /* filtermgr.cpp in Sources */ = {isa = PBXBuildFile; fileRef = 6F4AB06F4AB06F4AB0000000 /* filtermgr.cpp */; settings = {COMPILER_FLAGS = ""; }; };
		6F5A206F5A206F5A20000000 /* mapcore.cpp in Sources */ = {isa = PBXBuildFile; fileRef = 6F55706F55706F5570000000 /* mapcore.cpp */; settings = {COMPILER_FLAGS = ""; }; };
		6F64E06F64E06F64E0000000 /* category.cpp in Sources */ = {isa = PBXBuildFile; fileRef = 6F60306F60306F6030000000 /* category.cpp */; settings = {COMPILER_FLAGS = ""; }; };
		6F70406F70406F7040000000 /* compassframe.cpp in Sources */ = {isa = PBXBuildFile; fileRef = 6F6AF06F6AF06F6AF0000000 /* compassframe.cpp */; settings = {COMPILER_FLAGS = ""; }; };
		6F7AF06F7AF06F7AF0000000 /* group.cpp in Sources */ = {isa = PBXBuildFile; fileRef = 6F75B06F75B06F75B0000000 /* group.cpp */; settings = {COMPILER_FLAGS = ""; }; };
		6F85A06F85A06F85A0000000 /* guild.cpp in Sources */ = {isa = PBXBuildFile; fileRef = 6F80606F80606F8060000000 /* guild.cpp */; settings = {COMPILER_FLAGS = ""; }; };
		6F8FC06F8FC06F8FC0000000 /* netdiag.cpp in Sources */ = {isa = PBXBuildFile; fileRef = 6F8B106F8B106F8B10000000 /* netdiag.cpp */; settings = {COMPILER_FLAGS = ""; }; };
		6F9A806F9A806F9A80000000 /* logger.cpp in Sources */ = {isa = PBXBuildFile; fileRef = 6F95D06F95D06F95D0000000 /* logger.cpp */; settings = {COMPILER_FLAGS = ""; }; };
		6FA5406FA5406FA540000000 /* xmlconv.cpp in Sources */ = {isa = PBXBuildFile; fileRef = 6FA0906FA0906FA090000000 /* xmlconv.cpp */; settings = {COMPILER_FLAGS = ""; }; };
		6FB1606FB1606FB160000000 /* xmlpreferences.cpp in Sources */ = {isa = PBXBuildFile; fileRef = 6FABE06FABE06FABE0000000 /* xmlpreferences.cpp */; settings = {COMPILER_FLAGS = ""; }; };
		6FBC706FBC706FBC70000000 /* seqwindow.cpp in Sources */ = {isa = PBXBuildFile; fileRef = 6FB7206FB7206FB720000000 /* seqwindow.cpp */; settings = {COMPILER_FLAGS = ""; }; };
/* End PBXBuildFile section */

/* Begin PBXContainerItemProxy section */
		103FBE0103FBE0103FBE0000 /* PBXContainerItemProxy */ = {
			isa = PBXContainerItemProxy;
			containerPortal = 6D41806D41806D4180000000 /* Project object */;
			proxyType = 1;
			remoteGlobalIDString = 10357A010357A010357A0000;
			remoteInfo = showeq;
		};
/* End PBXContainerItemProxy section */

/* Begin PBXFileReference section */
		100017010001701000170000 /* seqlistview.cpp */ = {isa = PBXFileReference; fileEncoding = 4; lastKnownFileType = sourcecode.cpp.cpp; name = seqlistview.cpp; path = "/Users/brainiac/Development/ShowEQ-5.13.1.0/src/seqlistview.cpp"; sourceTree = "<absolute>"; };
		1000C501000C501000C50000 /* zonemgr.cpp */ = {isa = PBXFileReference; fileEncoding = 4; lastKnownFileType = sourcecode.cpp.cpp; name = zonemgr.cpp; path = "/Users/brainiac/Development/ShowEQ-5.13.1.0/src/zonemgr.cpp"; sourceTree = "<absolute>"; };
		100171010017101001710000 /* spawnmonitor.cpp */ = {isa = PBXFileReference; fileEncoding = 4; lastKnownFileType = sourcecode.cpp.cpp; name = spawnmonitor.cpp; path = "/Users/brainiac/Development/ShowEQ-5.13.1.0/src/spawnmonitor.cpp"; sourceTree = "<absolute>"; };
		10021F010021F010021F0000 /* spawnpointlist.cpp */ = {isa = PBXFileReference; fileEncoding = 4; lastKnownFileType = sourcecode.cpp.cpp; name = spawnpointlist.cpp; path = "/Users/brainiac/Development/ShowEQ-5.13.1.0/src/spawnpointlist.cpp"; sourceTree = "<absolute>"; };
		1002CC01002CC01002CC0000 /* spawnlistcommon.cpp */ = {isa = PBXFileReference; fileEncoding = 4; lastKnownFileType = sourcecode.cpp.cpp; name = spawnlistcommon.cpp; path = "/Users/brainiac/Development/ShowEQ-5.13.1.0/src/spawnlistcommon.cpp"; sourceTree = "<absolute>"; };
		100379010037901003790000 /* spawnlist2.cpp */ = {isa = PBXFileReference; fileEncoding = 4; lastKnownFileType = sourcecode.cpp.cpp; name = spawnlist2.cpp; path = "/Users/brainiac/Development/ShowEQ-5.13.1.0/src/spawnlist2.cpp"; sourceTree = "<absolute>"; };
		100427010042701004270000 /* spells.cpp */ = {isa = PBXFileReference; fileEncoding = 4; lastKnownFileType = sourcecode.cpp.cpp; name = spells.cpp; path = "/Users/brainiac/Development/ShowEQ-5.13.1.0/src/spells.cpp"; sourceTree = "<absolute>"; };
		1004D301004D301004D30000 /* datetimemgr.cpp */ = {isa = PBXFileReference; fileEncoding = 4; lastKnownFileType = sourcecode.cpp.cpp; name = datetimemgr.cpp; path = "/Users/brainiac/Development/ShowEQ-5.13.1.0/src/datetimemgr.cpp"; sourceTree = "<absolute>"; };
		100581010058101005810000 /* spawnlog.cpp */ = {isa = PBXFileReference; fileEncoding = 4; lastKnownFileType = sourcecode.cpp.cpp; name = spawnlog.cpp; path = "/Users/brainiac/Development/ShowEQ-5.13.1.0/src/spawnlog.cpp"; sourceTree = "<absolute>"; };
		10062D010062D010062D0000 /* packetlog.cpp */ = {isa = PBXFileReference; fileEncoding = 4; lastKnownFileType = sourcecode.cpp.cpp; name = packetlog.cpp; path = "/Users/brainiac/Development/ShowEQ-5.13.1.0/src/packetlog.cpp"; sourceTree = "<absolute>"; };
		1006DB01006DB01006DB0000 /* datalocationmgr.cpp */ = {isa = PBXFileReference; fileEncoding = 4; lastKnownFileType = sourcecode.cpp.cpp; name = datalocationmgr.cpp; path = "/Users/brainiac/Development/ShowEQ-5.13.1.0/src/datalocationmgr.cpp"; sourceTree = "<absolute>"; };
		100788010078801007880000 /* eqstr.cpp */ = {isa = PBXFileReference; fileEncoding = 4; lastKnownFileType = sourcecode.cpp.cpp; name = eqstr.cpp; path = "/Users/brainiac/Development/ShowEQ-5.13.1.0/src/eqstr.cpp"; sourceTree = "<absolute>"; };
		100836010083601008360000 /* messages.cpp */ = {isa = PBXFileReference; fileEncoding = 4; lastKnownFileType = sourcecode.cpp.cpp; name = messages.cpp; path = "/Users/brainiac/Development/ShowEQ-5.13.1.0/src/messages.cpp"; sourceTree = "<absolute>"; };
		1008E201008E201008E20000 /* message.cpp */ = {isa = PBXFileReference; fileEncoding = 4; lastKnownFileType = sourcecode.cpp.cpp; name = message.cpp; path = "/Users/brainiac/Development/ShowEQ-5.13.1.0/src/message.cpp"; sourceTree = "<absolute>"; };
		10098E010098E010098E0000 /* messagefilter.cpp */ = {isa = PBXFileReference; fileEncoding = 4; lastKnownFileType = sourcecode.cpp.cpp; name = messagefilter.cpp; path = "/Users/brainiac/Development/ShowEQ-5.13.1.0/src/messagefilter.cpp"; sourceTree = "<absolute>"; };
		100A3C0100A3C0100A3C0000 /* messagewindow.cpp */ = {isa = PBXFileReference; fileEncoding = 4; lastKnownFileType = sourcecode.cpp.cpp; name = messagewindow.cpp; path = "/Users/brainiac/Development/ShowEQ-5.13.1.0/src/messagewindow.cpp"; sourceTree = "<absolute>"; };
		100AEA0100AEA0100AEA0000 /* messageshell.cpp */ = {isa = PBXFileReference; fileEncoding = 4; lastKnownFileType = sourcecode.cpp.cpp; name = messageshell.cpp; path = "/Users/brainiac/Development/ShowEQ-5.13.1.0/src/messageshell.cpp"; sourceTree = "<absolute>"; };
		100B980100B980100B980000 /* terminal.cpp */ = {isa = PBXFileReference; fileEncoding = 4; lastKnownFileType = sourcecode.cpp.cpp; name = terminal.cpp; path = "/Users/brainiac/Development/ShowEQ-5.13.1.0/src/terminal.cpp"; sourceTree = "<absolute>"; };
		100C440100C440100C440000 /* filteredspawnlog.cpp */ = {isa = PBXFileReference; fileEncoding = 4; lastKnownFileType = sourcecode.cpp.cpp; name = filteredspawnlog.cpp; path = "/Users/brainiac/Development/ShowEQ-5.13.1.0/src/filteredspawnlog.cpp"; sourceTree = "<absolute>"; };
		100D370100D370100D370000 /* messagefilterdialog.cpp */ = {isa = PBXFileReference; fileEncoding = 4; lastKnownFileType = sourcecode.cpp.cpp; name = messagefilterdialog.cpp; path = "/Users/brainiac/Development/ShowEQ-5.13.1.0/src/messagefilterdialog.cpp"; sourceTree = "<absolute>"; };
		100DE60100DE60100DE60000 /* diagnosticmessages.cpp */ = {isa = PBXFileReference; fileEncoding = 4; lastKnownFileType = sourcecode.cpp.cpp; name = diagnosticmessages.cpp; path = "/Users/brainiac/Development/ShowEQ-5.13.1.0/src/diagnosticmessages.cpp"; sourceTree = "<absolute>"; };
		100E970100E970100E970000 /* mapicon.cpp */ = {isa = PBXFileReference; fileEncoding = 4; lastKnownFileType = sourcecode.cpp.cpp; name = mapicon.cpp; path = "/Users/brainiac/Development/ShowEQ-5.13.1.0/src/mapicon.cpp"; sourceTree = "<absolute>"; };
		100EFF0100EFF0100EFF0000 /* filternotifications.cpp */ = {isa = PBXFileReference; fileEncoding = 4; lastKnownFileType = sourcecode.cpp.cpp; name = filternotifications.cpp; path = "/Users/brainiac/Development/ShowEQ-5.13.1.0/src/filternotifications.cpp"; sourceTree = "<absolute>"; };
		100FF20100FF20100FF20000 /* netstream.cpp */ = {isa = PBXFileReference; fileEncoding = 4; lastKnownFileType = sourcecode.cpp.cpp; name = netstream.cpp; path = "/Users/brainiac/Development/ShowEQ-5.13.1.0/src/netstream.cpp"; sourceTree = "<absolute>"; };
		101058010105801010580000 /* guildshell.cpp */ = {isa = PBXFileReference; fileEncoding = 4; lastKnownFileType = sourcecode.cpp.cpp; name = guildshell.cpp; path = "/Users/brainiac/Development/ShowEQ-5.13.1.0/src/guildshell.cpp"; sourceTree = "<absolute>"; };
		101106010110601011060000 /* guildlist.cpp */ = {isa = PBXFileReference; fileEncoding = 4; lastKnownFileType = sourcecode.cpp.cpp; name = guildlist.cpp; path = "/Users/brainiac/Development/ShowEQ-5.13.1.0/src/guildlist.cpp"; sourceTree = "<absolute>"; };
		1011B401011B401011B40000 /* bazaarlog.cpp */ = {isa = PBXFileReference; fileEncoding = 4; lastKnownFileType = sourcecode.cpp.cpp; name = bazaarlog.cpp; path = "/Users/brainiac/Development/ShowEQ-5.13.1.0/src/bazaarlog.cpp"; sourceTree = "<absolute>"; };
		101262010126201012620000 /* mapicondialog.cpp */ = {isa = PBXFileReference; fileEncoding = 4; lastKnownFileType = sourcecode.cpp.cpp; name = mapicondialog.cpp; path = "/Users/brainiac/Development/ShowEQ-5.13.1.0/src/mapicondialog.cpp"; sourceTree = "<absolute>"; };
		101310010131001013100000 /* mapicondialog.moc.cpp */ = {isa = PBXFileReference; fileEncoding = 4; lastKnownFileType = sourcecode.cpp.cpp; name = mapicondialog.moc.cpp; path = "/Users/brainiac/Development/ShowEQ-5.13.1.0/src/mapicondialog.moc.cpp"; sourceTree = "<absolute>"; };
		101403010140301014030000 /* spawnshell.moc.rule */ = {isa = PBXFileReference; fileEncoding = 4; lastKnownFileType = sourcecode; name = spawnshell.moc.rule; path = "/Users/brainiac/Development/ShowEQ-5.13.1.0/src/spawnshell.moc.rule"; sourceTree = "<absolute>"; };
		1014AF01014AF01014AF0000 /* spawnlist.moc.rule */ = {isa = PBXFileReference; fileEncoding = 4; lastKnownFileType = sourcecode; name = spawnlist.moc.rule; path = "/Users/brainiac/Development/ShowEQ-5.13.1.0/src/spawnlist.moc.rule"; sourceTree = "<absolute>"; };
		10155C010155C010155C0000 /* spellshell.moc.rule */ = {isa = PBXFileReference; fileEncoding = 4; lastKnownFileType = sourcecode; name = spellshell.moc.rule; path = "/Users/brainiac/Development/ShowEQ-5.13.1.0/src/spellshell.moc.rule"; sourceTree = "<absolute>"; };
		101609010160901016090000 /* spelllist.moc.rule */ = {isa = PBXFileReference; fileEncoding = 4; lastKnownFileType = sourcecode; name = spelllist.moc.rule; path = "/Users/brainiac/Development/ShowEQ-5.13.1.0/src/spelllist.moc.rule"; sourceTree = "<absolute>"; };
		1016B401016B401016B40000 /* editor.moc.rule */ = {isa = PBXFileReference; fileEncoding = 4; lastKnownFileType = sourcecode; name = editor.moc.rule; path = "/Users/brainiac/Development/ShowEQ-5.13.1.0/src/editor.moc.rule"; sourceTree = "<absolute>"; };
		101720010172001017200000 /* packetstream.moc.rule */ = {isa = PBXFileReference; fileEncoding = 4; lastKnownFileType = sourcecode; name = packetstream.moc.rule; path = "/Users/brainiac/Development/ShowEQ-5.13.1.0/src/packetstream.moc.rule"; sourceTree = "<absolute>"; };
		101812010181201018120000 /* packetinfo.moc.rule */ = {isa = PBXFileReference; fileEncoding = 4; lastKnownFileType = sourcecode; name = packetinfo.moc.rule; path = "/Users/brainiac/Development/ShowEQ-5.13.1.0/src/packetinfo.moc.rule"; sourceTree = "<absolute>"; };
		1018BD01018BD01018BD0000 /* packet.moc.rule */ = {isa = PBXFileReference; fileEncoding = 4; lastKnownFileType = sourcecode; name = packet.moc.rule; path = "/Users/brainiac/Development/ShowEQ-5.13.1.0/src/packet.moc.rule"; sourceTree = "<absolute>"; };
		10196A010196A010196A0000 /* interface.moc.rule */ = {isa = PBXFileReference; fileEncoding = 4; lastKnownFileType = sourcecode; name = interface.moc.rule; path = "/Users/brainiac/Development/ShowEQ-5.13.1.0/src/interface.moc.rule"; sourceTree = "<absolute>"; };
		101A190101A190101A190000 /* compass.moc.rule */ = {isa = PBXFileReference; fileEncoding = 4; lastKnownFileType = sourcecode; name = compass.moc.rule; path = "/Users/brainiac/Development/ShowEQ-5.13.1.0/src/compass.moc.rule"; sourceTree = "<absolute>"; };
		101AC40101AC40101AC40000 /* map.moc.rule */ = {isa = PBXFileReference; fileEncoding = 4; lastKnownFileType = sourcecode; name = map.moc.rule; path = "/Users/brainiac/Development/ShowEQ-5.13.1.0/src/map.moc.rule"; sourceTree = "<absolute>"; };
		101B2E0101B2E0101B2E0000 /* experiencelog.moc.rule */ = {isa = PBXFileReference; fileEncoding = 4; lastKnownFileType = sourcecode; name = experiencelog.moc.rule; path = "/Users/brainiac/Development/ShowEQ-5.13.1.0/src/experiencelog.moc.rule"; sourceTree = "<absolute>"; };
		101C1E0101C1E0101C1E0000 /* combatlog.moc.rule */ = {isa = PBXFileReference; fileEncoding = 4; lastKnownFileType = sourcecode; name = combatlog.moc.rule; path = "/Users/brainiac/Development/ShowEQ-5.13.1.0/src/combatlog.moc.rule"; sourceTree = "<absolute>"; };
		101C870101C870101C870000 /* player.moc.rule */ = {isa = PBXFileReference; fileEncoding = 4; lastKnownFileType = sourcecode; name = player.moc.rule; path = "/Users/brainiac/Development/ShowEQ-5.13.1.0/src/player.moc.rule"; sourceTree = "<absolute>"; };
		101D770101D770101D770000 /* skilllist.moc.rule */ = {isa = PBXFileReference; fileEncoding = 4; lastKnownFileType = sourcecode; name = skilllist.moc.rule; path = "/Users/brainiac/Development/ShowEQ-5.13.1.0/src/skilllist.moc.rule"; sourceTree = "<absolute>"; };
		101E220101E220101E220000 /* statlist.moc.rule */ = {isa = PBXFileReference; fileEncoding = 4; lastKnownFileType = sourcecode; name = statlist.moc.rule; path = "/Users/brainiac/Development/ShowEQ-5.13.1.0/src/statlist.moc.rule"; sourceTree = "<absolute>"; };
		101ECD0101ECD0101ECD0000 /* filtermgr.moc.rule */ = {isa = PBXFileReference; fileEncoding = 4; lastKnownFileType = sourcecode; name = filtermgr.moc.rule; path = "/Users/brainiac/Development/ShowEQ-5.13.1.0/src/filtermgr.moc.rule"; sourceTree = "<absolute>"; };
		101F7D0101F7D0101F7D0000 /* category.moc.rule */ = {isa = PBXFileReference; fileEncoding = 4; lastKnownFileType = sourcecode; name = category.moc.rule; path = "/Users/brainiac/Development/ShowEQ-5.13.1.0/src/category.moc.rule"; sourceTree = "<absolute>"; };
		102028010202801020280000 /* compassframe.moc.rule */ = {isa = PBXFileReference; fileEncoding = 4; lastKnownFileType = sourcecode; name = compassframe.moc.rule; path = "/Users/brainiac/Development/ShowEQ-5.13.1.0/src/compassframe.moc.rule"; sourceTree = "<absolute>"; };
		102095010209501020950000 /* group.moc.rule */ = {isa = PBXFileReference; fileEncoding = 4; lastKnownFileType = sourcecode; name = group.moc.rule; path = "/Users/brainiac/Development/ShowEQ-5.13.1.0/src/group.moc.rule"; sourceTree = "<absolute>"; };
		102142010214201021420000 /* guild.moc.rule */ = {isa = PBXFileReference; fileEncoding = 4; lastKnownFileType = sourcecode; name = guild.moc.rule; path = "/Users/brainiac/Development/ShowEQ-5.13.1.0/src/guild.moc.rule"; sourceTree = "<absolute>"; };
		102232010223201022320000 /* netdiag.moc.rule */ = {isa = PBXFileReference; fileEncoding = 4; lastKnownFileType = sourcecode; name = netdiag.moc.rule; path = "/Users/brainiac/Development/ShowEQ-5.13.1.0/src/netdiag.moc.rule"; sourceTree = "<absolute>"; };
		1022DD01022DD01022DD0000 /* logger.moc.rule */ = {isa = PBXFileReference; fileEncoding = 4; lastKnownFileType = sourcecode; name = logger.moc.rule; path = "/Users/brainiac/Development/ShowEQ-5.13.1.0/src/logger.moc.rule"; sourceTree = "<absolute>"; };
		10238A010238A010238A0000 /* xmlpreferences.moc.rule */ = {isa = PBXFileReference; fileEncoding = 4; lastKnownFileType = sourcecode; name = xmlpreferences.moc.rule; path = "/Users/brainiac/Development/ShowEQ-5.13.1.0/src/xmlpreferences.moc.rule"; sourceTree = "<absolute>"; };
		1023F701023F701023F70000 /* seqwindow.moc.rule */ = {isa = PBXFileReference; fileEncoding = 4; lastKnownFileType = sourcecode; name = seqwindow.moc.rule; path = "/Users/brainiac/Development/ShowEQ-5.13.1.0/src/seqwindow.moc.rule"; sourceTree = "<absolute>"; };
		1024A401024A401024A40000 /* seqlistview.moc.rule */ = {isa = PBXFileReference; fileEncoding = 4; lastKnownFileType = sourcecode; name = seqlistview.moc.rule; path = "/Users/brainiac/Development/ShowEQ-5.13.1.0/src/seqlistview.moc.rule"; sourceTree = "<absolute>"; };
		102596010259601025960000 /* zonemgr.moc.rule */ = {isa = PBXFileReference; fileEncoding = 4; lastKnownFileType = sourcecode; name = zonemgr.moc.rule; path = "/Users/brainiac/Development/ShowEQ-5.13.1.0/src/zonemgr.moc.rule"; sourceTree = "<absolute>"; };
		102641010264101026410000 /* spawnmonitor.moc.rule */ = {isa = PBXFileReference; fileEncoding = 4; lastKnownFileType = sourcecode; name = spawnmonitor.moc.rule; path = "/Users/brainiac/Development/ShowEQ-5.13.1.0/src/spawnmonitor.moc.rule"; sourceTree = "<absolute>"; };
		1026AE01026AE01026AE0000 /* spawnpointlist.moc.rule */ = {isa = PBXFileReference; fileEncoding = 4; lastKnownFileType = sourcecode; name = spawnpointlist.moc.rule; path = "/Users/brainiac/Development/ShowEQ-5.13.1.0/src/spawnpointlist.moc.rule"; sourceTree = "<absolute>"; };
		10275D010275D010275D0000 /* spawnlistcommon.moc.rule */ = {isa = PBXFileReference; fileEncoding = 4; lastKnownFileType = sourcecode; name = spawnlistcommon.moc.rule; path = "/Users/brainiac/Development/ShowEQ-5.13.1.0/src/spawnlistcommon.moc.rule"; sourceTree = "<absolute>"; };
		10280C010280C010280C0000 /* spawnlist2.moc.rule */ = {isa = PBXFileReference; fileEncoding = 4; lastKnownFileType = sourcecode; name = spawnlist2.moc.rule; path = "/Users/brainiac/Development/ShowEQ-5.13.1.0/src/spawnlist2.moc.rule"; sourceTree = "<absolute>"; };
		1028B901028B901028B90000 /* datetimemgr.moc.rule */ = {isa = PBXFileReference; fileEncoding = 4; lastKnownFileType = sourcecode; name = datetimemgr.moc.rule; path = "/Users/brainiac/Development/ShowEQ-5.13.1.0/src/datetimemgr.moc.rule"; sourceTree = "<absolute>"; };
		1029AB01029AB01029AB0000 /* spawnlog.moc.rule */ = {isa = PBXFileReference; fileEncoding = 4; lastKnownFileType = sourcecode; name = spawnlog.moc.rule; path = "/Users/brainiac/Development/ShowEQ-5.13.1.0/src/spawnlog.moc.rule"; sourceTree = "<absolute>"; };
		102A1D0102A1D0102A1D0000 /* packetlog.moc.rule */ = {isa = PBXFileReference; fileEncoding = 4; lastKnownFileType = sourcecode; name = packetlog.moc.rule; path = "/Users/brainiac/Development/ShowEQ-5.13.1.0/src/packetlog.moc.rule"; sourceTree = "<absolute>"; };
		102B0D0102B0D0102B0D0000 /* messages.moc.rule */ = {isa = PBXFileReference; fileEncoding = 4; lastKnownFileType = sourcecode; name = messages.moc.rule; path = "/Users/brainiac/Development/ShowEQ-5.13.1.0/src/messages.moc.rule"; sourceTree = "<absolute>"; };
		102BB80102BB80102BB80000 /* messagefilter.moc.rule */ = {isa = PBXFileReference; fileEncoding = 4; lastKnownFileType = sourcecode; name = messagefilter.moc.rule; path = "/Users/brainiac/Development/ShowEQ-5.13.1.0/src/messagefilter.moc.rule"; sourceTree = "<absolute>"; };
		102C250102C250102C250000 /* messagewindow.moc.rule */ = {isa = PBXFileReference; fileEncoding = 4; lastKnownFileType = sourcecode; name = messagewindow.moc.rule; path = "/Users/brainiac/Development/ShowEQ-5.13.1.0/src/messagewindow.moc.rule"; sourceTree = "<absolute>"; };
		102CD40102CD40102CD40000 /* messageshell.moc.rule */ = {isa = PBXFileReference; fileEncoding = 4; lastKnownFileType = sourcecode; name = messageshell.moc.rule; path = "/Users/brainiac/Development/ShowEQ-5.13.1.0/src/messageshell.moc.rule"; sourceTree = "<absolute>"; };
		102D830102D830102D830000 /* terminal.moc.rule */ = {isa = PBXFileReference; fileEncoding = 4; lastKnownFileType = sourcecode; name = terminal.moc.rule; path = "/Users/brainiac/Development/ShowEQ-5.13.1.0/src/terminal.moc.rule"; sourceTree = "<absolute>"; };
		102E300102E300102E300000 /* filteredspawnlog.moc.rule */ = {isa = PBXFileReference; fileEncoding = 4; lastKnownFileType = sourcecode; name = filteredspawnlog.moc.rule; path = "/Users/brainiac/Development/ShowEQ-5.13.1.0/src/filteredspawnlog.moc.rule"; sourceTree = "<absolute>"; };
		102F220102F220102F220000 /* messagefilterdialog.moc.rule */ = {isa = PBXFileReference; fileEncoding = 4; lastKnownFileType = sourcecode; name = messagefilterdialog.moc.rule; path = "/Users/brainiac/Development/ShowEQ-5.13.1.0/src/messagefilterdialog.moc.rule"; sourceTree = "<absolute>"; };
		102F8F0102F8F0102F8F0000 /* mapicon.moc.rule */ = {isa = PBXFileReference; fileEncoding = 4; lastKnownFileType = sourcecode; name = mapicon.moc.rule; path = "/Users/brainiac/Development/ShowEQ-5.13.1.0/src/mapicon.moc.rule"; sourceTree = "<absolute>"; };
		10303C010303C010303C0000 /* filternotifications.moc.rule */ = {isa = PBXFileReference; fileEncoding = 4; lastKnownFileType = sourcecode; name = filternotifications.moc.rule; path = "/Users/brainiac/Development/ShowEQ-5.13.1.0/src/filternotifications.moc.rule"; sourceTree = "<absolute>"; };
		10312E010312E010312E0000 /* guildshell.moc.rule */ = {isa = PBXFileReference; fileEncoding = 4; lastKnownFileType = sourcecode; name = guildshell.moc.rule; path = "/Users/brainiac/Development/ShowEQ-5.13.1.0/src/guildshell.moc.rule"; sourceTree = "<absolute>"; };
		1031D901031D901031D90000 /* guildlist.moc.rule */ = {isa = PBXFileReference; fileEncoding = 4; lastKnownFileType = sourcecode; name = guildlist.moc.rule; path = "/Users/brainiac/Development/ShowEQ-5.13.1.0/src/guildlist.moc.rule"; sourceTree = "<absolute>"; };
		103284010328401032840000 /* bazaarlog.moc.rule */ = {isa = PBXFileReference; fileEncoding = 4; lastKnownFileType = sourcecode; name = bazaarlog.moc.rule; path = "/Users/brainiac/Development/ShowEQ-5.13.1.0/src/bazaarlog.moc.rule"; sourceTree = "<absolute>"; };
		10332F010332F010332F0000 /* mapicondialog.h */ = {isa = PBXFileReference; fileEncoding = 4; lastKnownFileType = sourcecode.cpp.h; name = mapicondialog.h; path = "/Users/brainiac/Development/ShowEQ-5.13.1.0/src/mapicondialog.h"; sourceTree = "<absolute>"; };
		10339A010339A010339A0000 /* mapicondialog.moc.cpp.rule */ = {isa = PBXFileReference; fileEncoding = 4; lastKnownFileType = sourcecode; name = mapicondialog.moc.cpp.rule; path = "/Users/brainiac/Development/ShowEQ-5.13.1.0/src/mapicondialog.moc.cpp.rule"; sourceTree = "<absolute>"; };
		10344C010344C010344C0000 /* mapicondialog.ui */ = {isa = PBXFileReference; fileEncoding = 4; lastKnownFileType = sourcecode; name = mapicondialog.ui; path = "/Users/brainiac/Development/ShowEQ-5.13.1.0/src/mapicondialog.ui"; sourceTree = "<absolute>"; };
		103E770103E770103E770000 /* showeq */ = {isa = PBXFileReference; explicitFileType = "compiled.mach-o.executable"; path = showeq; sourceTree = BUILT_PRODUCTS_DIR; };
		6E4B206E4B206E4B20000000 /* main.cpp */ = {isa = PBXFileReference; fileEncoding = 4; lastKnownFileType = sourcecode.cpp.cpp; name = main.cpp; path = "/Users/brainiac/Development/ShowEQ-5.13.1.0/src/main.cpp"; sourceTree = "<absolute>"; };
		6E52706E52706E5270000000 /* spawn.cpp */ = {isa = PBXFileReference; fileEncoding = 4; lastKnownFileType = sourcecode.cpp.cpp; name = spawn.cpp; path = "/Users/brainiac/Development/ShowEQ-5.13.1.0/src/spawn.cpp"; sourceTree = "<absolute>"; };
		6E5D406E5D406E5D40000000 /* spawnshell.cpp */ = {isa = PBXFileReference; fileEncoding = 4; lastKnownFileType = sourcecode.cpp.cpp; name = spawnshell.cpp; path = "/Users/brainiac/Development/ShowEQ-5.13.1.0/src/spawnshell.cpp"; sourceTree = "<absolute>"; };
		6E68206E68206E6820000000 /* spawnlist.cpp */ = {isa = PBXFileReference; fileEncoding = 4; lastKnownFileType = sourcecode.cpp.cpp; name = spawnlist.cpp; path = "/Users/brainiac/Development/ShowEQ-5.13.1.0/src/spawnlist.cpp"; sourceTree = "<absolute>"; };
		6E72E06E72E06E72E0000000 /* spellshell.cpp */ = {isa = PBXFileReference; fileEncoding = 4; lastKnownFileType = sourcecode.cpp.cpp; name = spellshell.cpp; path = "/Users/brainiac/Development/ShowEQ-5.13.1.0/src/spellshell.cpp"; sourceTree = "<absolute>"; };
		6E7DD06E7DD06E7DD0000000 /* spelllist.cpp */ = {isa = PBXFileReference; fileEncoding = 4; lastKnownFileType = sourcecode.cpp.cpp; name = spelllist.cpp; path = "/Users/brainiac/Development/ShowEQ-5.13.1.0/src/spelllist.cpp"; sourceTree = "<absolute>"; };
		6E88C06E88C06E88C0000000 /* vpacket.cpp */ = {isa = PBXFileReference; fileEncoding = 4; lastKnownFileType = sourcecode.cpp.cpp; name = vpacket.cpp; path = "/Users/brainiac/Development/ShowEQ-5.13.1.0/src/vpacket.cpp"; sourceTree = "<absolute>"; };
		6E93806E93806E9380000000 /* editor.cpp */ = {isa = PBXFileReference; fileEncoding = 4; lastKnownFileType = sourcecode.cpp.cpp; name = editor.cpp; path = "/Users/brainiac/Development/ShowEQ-5.13.1.0/src/editor.cpp"; sourceTree = "<absolute>"; };
		6E9E406E9E406E9E40000000 /* filter.cpp */ = {isa = PBXFileReference; fileEncoding = 4; lastKnownFileType = sourcecode.cpp.cpp; name = filter.cpp; path = "/Users/brainiac/Development/ShowEQ-5.13.1.0/src/filter.cpp"; sourceTree = "<absolute>"; };
		6EA9106EA9106EA910000000 /* packetfragment.cpp */ = {isa = PBXFileReference; fileEncoding = 4; lastKnownFileType = sourcecode.cpp.cpp; name = packetfragment.cpp; path = "/Users/brainiac/Development/ShowEQ-5.13.1.0/src/packetfragment.cpp"; sourceTree = "<absolute>"; };
		6EB3E06EB3E06EB3E0000000 /* packetstream.cpp */ = {isa = PBXFileReference; fileEncoding = 4; lastKnownFileType = sourcecode.cpp.cpp; name = packetstream.cpp; path = "/Users/brainiac/Development/ShowEQ-5.13.1.0/src/packetstream.cpp"; sourceTree = "<absolute>"; };
		6EBEA06EBEA06EBEA0000000 /* packetinfo.cpp */ = {isa = PBXFileReference; fileEncoding = 4; lastKnownFileType = sourcecode.cpp.cpp; name = packetinfo.cpp; path = "/Users/brainiac/Development/ShowEQ-5.13.1.0/src/packetinfo.cpp"; sourceTree = "<absolute>"; };
		6EC9606EC9606EC960000000 /* packet.cpp */ = {isa = PBXFileReference; fileEncoding = 4; lastKnownFileType = sourcecode.cpp.cpp; name = packet.cpp; path = "/Users/brainiac/Development/ShowEQ-5.13.1.0/src/packet.cpp"; sourceTree = "<absolute>"; };
		6ED4206ED4206ED420000000 /* packetcapture.cpp */ = {isa = PBXFileReference; fileEncoding = 4; lastKnownFileType = sourcecode.cpp.cpp; name = packetcapture.cpp; path = "/Users/brainiac/Development/ShowEQ-5.13.1.0/src/packetcapture.cpp"; sourceTree = "<absolute>"; };
		6EDEE06EDEE06EDEE0000000 /* packetformat.cpp */ = {isa = PBXFileReference; fileEncoding = 4; lastKnownFileType = sourcecode.cpp.cpp; name = packetformat.cpp; path = "/Users/brainiac/Development/ShowEQ-5.13.1.0/src/packetformat.cpp"; sourceTree = "<absolute>"; };
		6EE9A06EE9A06EE9A0000000 /* interface.cpp */ = {isa = PBXFileReference; fileEncoding = 4; lastKnownFileType = sourcecode.cpp.cpp; name = interface.cpp; path = "/Users/brainiac/Development/ShowEQ-5.13.1.0/src/interface.cpp"; sourceTree = "<absolute>"; };
		6EF4606EF4606EF460000000 /* compass.cpp */ = {isa = PBXFileReference; fileEncoding = 4; lastKnownFileType = sourcecode.cpp.cpp; name = compass.cpp; path = "/Users/brainiac/Development/ShowEQ-5.13.1.0/src/compass.cpp"; sourceTree = "<absolute>"; };
		6F03C06F03C06F03C0000000 /* map.cpp */ = {isa = PBXFileReference; fileEncoding = 4; lastKnownFileType = sourcecode.cpp.cpp; name = map.cpp; path = "/Users/brainiac/Development/ShowEQ-5.13.1.0/src/map.cpp"; sourceTree = "<absolute>"; };
		6F0A406F0A406F0A40000000 /* util.cpp */ = {isa = PBXFileReference; fileEncoding = 4; lastKnownFileType = sourcecode.cpp.cpp; name = util.cpp; path = "/Users/brainiac/Development/ShowEQ-5.13.1.0/src/util.cpp"; sourceTree = "<absolute>"; };
		6F14F06F14F06F14F0000000 /* experiencelog.cpp */ = {isa = PBXFileReference; fileEncoding = 4; lastKnownFileType = sourcecode.cpp.cpp; name = experiencelog.cpp; path = "/Users/brainiac/Development/ShowEQ-5.13.1.0/src/experiencelog.cpp"; sourceTree = "<absolute>"; };
		6F1FB06F1FB06F1FB0000000 /* combatlog.cpp */ = {isa = PBXFileReference; fileEncoding = 4; lastKnownFileType = sourcecode.cpp.cpp; name = combatlog.cpp; path = "/Users/brainiac/Development/ShowEQ-5.13.1.0/src/combatlog.cpp"; sourceTree = "<absolute>"; };
		6F2A706F2A706F2A70000000 /* player.cpp */ = {isa = PBXFileReference; fileEncoding = 4; lastKnownFileType = sourcecode.cpp.cpp; name = player.cpp; path = "/Users/brainiac/Development/ShowEQ-5.13.1.0/src/player.cpp"; sourceTree = "<absolute>"; };
		6F35306F35306F3530000000 /* skilllist.cpp */ = {isa = PBXFileReference; fileEncoding = 4; lastKnownFileType = sourcecode.cpp.cpp; name = skilllist.cpp; path = "/Users/brainiac/Development/ShowEQ-5.13.1.0/src/skilllist.cpp"; sourceTree = "<absolute>"; };
		6F3FF06F3FF06F3FF0000000 /* statlist.cpp */ = {isa = PBXFileReference; fileEncoding = 4; lastKnownFileType = sourcecode.cpp.cpp; name = statlist.cpp; path = "/Users/brainiac/Development/ShowEQ-5.13.1.0/src/statlist.cpp"; sourceTree = "<absolute>"; };
		6F4AB06F4AB06F4AB0000000 /* filtermgr.cpp */ = {isa = PBXFileReference; fileEncoding = 4; lastKnownFileType = sourcecode.cpp.cpp; name = filtermgr.cpp; path = "/Users/brainiac/Development/ShowEQ-5.13.1.0/src/filtermgr.cpp"; sourceTree = "<absolute>"; };
		6F55706F55706F5570000000 /* mapcore.cpp */ = {isa = PBXFileReference; fileEncoding = 4; lastKnownFileType = sourcecode.cpp.cpp; name = mapcore.cpp; path = "/Users/brainiac/Development/ShowEQ-5.13.1.0/src/mapcore.cpp"; sourceTree = "<absolute>"; };
		6F60306F60306F6030000000 /* category.cpp */ = {isa = PBXFileReference; fileEncoding = 4; lastKnownFileType = sourcecode.cpp.cpp; name = category.cpp; path = "/Users/brainiac/Development/ShowEQ-5.13.1.0/src/category.cpp"; sourceTree = "<absolute>"; };
		6F6AF06F6AF06F6AF0000000 /* compassframe.cpp */ = {isa = PBXFileReference; fileEncoding = 4; lastKnownFileType = sourcecode.cpp.cpp; name = compassframe.cpp; path = "/Users/brainiac/Development/ShowEQ-5.13.1.0/src/compassframe.cpp"; sourceTree = "<absolute>"; };
		6F75B06F75B06F75B0000000 /* group.cpp */ = {isa = PBXFileReference; fileEncoding = 4; lastKnownFileType = sourcecode.cpp.cpp; name = group.cpp; path = "/Users/brainiac/Development/ShowEQ-5.13.1.0/src/group.cpp"; sourceTree = "<absolute>"; };
		6F80606F80606F8060000000 /* guild.cpp */ = {isa = PBXFileReference; fileEncoding = 4; lastKnownFileType = sourcecode.cpp.cpp; name = guild.cpp; path = "/Users/brainiac/Development/ShowEQ-5.13.1.0/src/guild.cpp"; sourceTree = "<absolute>"; };
		6F8B106F8B106F8B10000000 /* netdiag.cpp */ = {isa = PBXFileReference; fileEncoding = 4; lastKnownFileType = sourcecode.cpp.cpp; name = netdiag.cpp; path = "/Users/brainiac/Development/ShowEQ-5.13.1.0/src/netdiag.cpp"; sourceTree = "<absolute>"; };
		6F95D06F95D06F95D0000000 /* logger.cpp */ = {isa = PBXFileReference; fileEncoding = 4; lastKnownFileType = sourcecode.cpp.cpp; name = logger.cpp; path = "/Users/brainiac/Development/ShowEQ-5.13.1.0/src/logger.cpp"; sourceTree = "<absolute>"; };
		6FA0906FA0906FA090000000 /* xmlconv.cpp */ = {isa = PBXFileReference; fileEncoding = 4; lastKnownFileType = sourcecode.cpp.cpp; name = xmlconv.cpp; path = "/Users/brainiac/Development/ShowEQ-5.13.1.0/src/xmlconv.cpp"; sourceTree = "<absolute>"; };
		6FABE06FABE06FABE0000000 /* xmlpreferences.cpp */ = {isa = PBXFileReference; fileEncoding = 4; lastKnownFileType = sourcecode.cpp.cpp; name = xmlpreferences.cpp; path = "/Users/brainiac/Development/ShowEQ-5.13.1.0/src/xmlpreferences.cpp"; sourceTree = "<absolute>"; };
		6FB7206FB7206FB720000000 /* seqwindow.cpp */ = {isa = PBXFileReference; fileEncoding = 4; lastKnownFileType = sourcecode.cpp.cpp; name = seqwindow.cpp; path = "/Users/brainiac/Development/ShowEQ-5.13.1.0/src/seqwindow.cpp"; sourceTree = "<absolute>"; };
		F74FA5440F50F7D100014A6C /* bazaarlog.h */ = {isa = PBXFileReference; fileEncoding = 4; lastKnownFileType = sourcecode.c.h; name = bazaarlog.h; path = src/bazaarlog.h; sourceTree = "<group>"; };
		F74FA5450F50F7D100014A6C /* category.h */ = {isa = PBXFileReference; fileEncoding = 4; lastKnownFileType = sourcecode.c.h; name = category.h; path = src/category.h; sourceTree = "<group>"; };
		F74FA5460F50F7D100014A6C /* cgiconv.h */ = {isa = PBXFileReference; fileEncoding = 4; lastKnownFileType = sourcecode.c.h; name = cgiconv.h; path = src/cgiconv.h; sourceTree = "<group>"; };
		F74FA5470F50F7D100014A6C /* classes.h */ = {isa = PBXFileReference; fileEncoding = 4; lastKnownFileType = sourcecode.c.h; name = classes.h; path = src/classes.h; sourceTree = "<group>"; };
		F74FA5480F50F7D100014A6C /* combatlog.h */ = {isa = PBXFileReference; fileEncoding = 4; lastKnownFileType = sourcecode.c.h; name = combatlog.h; path = src/combatlog.h; sourceTree = "<group>"; };
		F74FA5490F50F7D100014A6C /* compass.h */ = {isa = PBXFileReference; fileEncoding = 4; lastKnownFileType = sourcecode.c.h; name = compass.h; path = src/compass.h; sourceTree = "<group>"; };
		F74FA54A0F50F7D100014A6C /* compassframe.h */ = {isa = PBXFileReference; fileEncoding = 4; lastKnownFileType = sourcecode.c.h; name = compassframe.h; path = src/compassframe.h; sourceTree = "<group>"; };
		F74FA54B0F50F7D100014A6C /* crctab.h */ = {isa = PBXFileReference; fileEncoding = 4; lastKnownFileType = sourcecode.c.h; name = crctab.h; path = src/crctab.h; sourceTree = "<group>"; };
		F74FA54C0F50F7D100014A6C /* datalocationmgr.h */ = {isa = PBXFileReference; fileEncoding = 4; lastKnownFileType = sourcecode.c.h; name = datalocationmgr.h; path = src/datalocationmgr.h; sourceTree = "<group>"; };
		F74FA54D0F50F7D100014A6C /* datetimemgr.h */ = {isa = PBXFileReference; fileEncoding = 4; lastKnownFileType = sourcecode.c.h; name = datetimemgr.h; path = src/datetimemgr.h; sourceTree = "<group>"; };
		F74FA54E0F50F7D100014A6C /* db3conv.h */ = {isa = PBXFileReference; fileEncoding = 4; lastKnownFileType = sourcecode.c.h; name = db3conv.h; path = src/db3conv.h; sourceTree = "<group>"; };
		F74FA54F0F50F7D100014A6C /* dbcommon.h */ = {isa = PBXFileReference; fileEncoding = 4; lastKnownFileType = sourcecode.c.h; name = dbcommon.h; path = src/dbcommon.h; sourceTree = "<group>"; };
		F74FA5500F50F7D100014A6C /* decode.h */ = {isa = PBXFileReference; fileEncoding = 4; lastKnownFileType = sourcecode.c.h; name = decode.h; path = src/decode.h; sourceTree = "<group>"; };
		F74FA5510F50F7D100014A6C /* deity.h */ = {isa = PBXFileReference; fileEncoding = 4; lastKnownFileType = sourcecode.c.h; name = deity.h; path = src/deity.h; sourceTree = "<group>"; };
		F74FA5520F50F7D100014A6C /* diagnosticmessages.h */ = {isa = PBXFileReference; fileEncoding = 4; lastKnownFileType = sourcecode.c.h; name = diagnosticmessages.h; path = src/diagnosticmessages.h; sourceTree = "<group>"; };
		F74FA5530F50F7D100014A6C /* editor.h */ = {isa = PBXFileReference; fileEncoding = 4; lastKnownFileType = sourcecode.c.h; name = editor.h; path = src/editor.h; sourceTree = "<group>"; };
		F74FA5540F50F7D100014A6C /* eqstr.h */ = {isa = PBXFileReference; fileEncoding = 4; lastKnownFileType = sourcecode.c.h; name = eqstr.h; path = src/eqstr.h; sourceTree = "<group>"; };
		F74FA5550F50F7D100014A6C /* everquest.h */ = {isa = PBXFileReference; fileEncoding = 4; lastKnownFileType = sourcecode.c.h; name = everquest.h; path = src/everquest.h; sourceTree = "<group>"; };
		F74FA5560F50F7D100014A6C /* experiencelog.h */ = {isa = PBXFileReference; fileEncoding = 4; lastKnownFileType = sourcecode.c.h; name = experiencelog.h; path = src/experiencelog.h; sourceTree = "<group>"; };
		F74FA5570F50F7D100014A6C /* filter.h */ = {isa = PBXFileReference; fileEncoding = 4; lastKnownFileType = sourcecode.c.h; name = filter.h; path = src/filter.h; sourceTree = "<group>"; };
		F74FA5580F50F7D100014A6C /* filteredspawnlog.h */ = {isa = PBXFileReference; fileEncoding = 4; lastKnownFileType = sourcecode.c.h; name = filteredspawnlog.h; path = src/filteredspawnlog.h; sourceTree = "<group>"; };
		F74FA5590F50F7D100014A6C /* filtermgr.h */ = {isa = PBXFileReference; fileEncoding = 4; lastKnownFileType = sourcecode.c.h; name = filtermgr.h; path = src/filtermgr.h; sourceTree = "<group>"; };
		F74FA55A0F50F7D100014A6C /* filternotifications.h */ = {isa = PBXFileReference; fileEncoding = 4; lastKnownFileType = sourcecode.c.h; name = filternotifications.h; path = src/filternotifications.h; sourceTree = "<group>"; };
		F74FA55B0F50F7D100014A6C /* fixpt.h */ = {isa = PBXFileReference; fileEncoding = 4; lastKnownFileType = sourcecode.c.h; name = fixpt.h; path = src/fixpt.h; sourceTree = "<group>"; };
		F74FA55C0F50F7D100014A6C /* gdbmconv.h */ = {isa = PBXFileReference; fileEncoding = 4; lastKnownFileType = sourcecode.c.h; name = gdbmconv.h; path = src/gdbmconv.h; sourceTree = "<group>"; };
		F74FA55D0F50F7D100014A6C /* group.h */ = {isa = PBXFileReference; fileEncoding = 4; lastKnownFileType = sourcecode.c.h; name = group.h; path = src/group.h; sourceTree = "<group>"; };
		F74FA55E0F50F7D100014A6C /* guild.h */ = {isa = PBXFileReference; fileEncoding = 4; lastKnownFileType = sourcecode.c.h; name = guild.h; path = src/guild.h; sourceTree = "<group>"; };
		F74FA55F0F50F7D100014A6C /* guildlist.h */ = {isa = PBXFileReference; fileEncoding = 4; lastKnownFileType = sourcecode.c.h; name = guildlist.h; path = src/guildlist.h; sourceTree = "<group>"; };
		F74FA5600F50F7D100014A6C /* guildshell.h */ = {isa = PBXFileReference; fileEncoding = 4; lastKnownFileType = sourcecode.c.h; name = guildshell.h; path = src/guildshell.h; sourceTree = "<group>"; };
		F74FA5610F50F7D100014A6C /* itemdb.h */ = {isa = PBXFileReference; fileEncoding = 4; lastKnownFileType = sourcecode.c.h; name = itemdb.h; path = src/itemdb.h; sourceTree = "<group>"; };
		F74FA5620F50F7D100014A6C /* languages.h */ = {isa = PBXFileReference; fileEncoding = 4; lastKnownFileType = sourcecode.c.h; name = languages.h; path = src/languages.h; sourceTree = "<group>"; };
		F74FA5630F50F7D100014A6C /* logger.h */ = {isa = PBXFileReference; fileEncoding = 4; lastKnownFileType = sourcecode.c.h; name = logger.h; path = src/logger.h; sourceTree = "<group>"; };
		F74FA5640F50F7D100014A6C /* main.h */ = {isa = PBXFileReference; fileEncoding = 4; lastKnownFileType = sourcecode.c.h; name = main.h; path = src/main.h; sourceTree = "<group>"; };
		F74FA5650F50F7D100014A6C /* map.h */ = {isa = PBXFileReference; fileEncoding = 4; lastKnownFileType = sourcecode.c.h; name = map.h; path = src/map.h; sourceTree = "<group>"; };
		F74FA5660F50F7D100014A6C /* mapcore.h */ = {isa = PBXFileReference; fileEncoding = 4; lastKnownFileType = sourcecode.c.h; name = mapcore.h; path = src/mapcore.h; sourceTree = "<group>"; };
		F74FA5670F50F7D100014A6C /* mapicon.h */ = {isa = PBXFileReference; fileEncoding = 4; lastKnownFileType = sourcecode.c.h; name = mapicon.h; path = src/mapicon.h; sourceTree = "<group>"; };
		F74FA5680F50F7D100014A6C /* mapicondialog.ui.h */ = {isa = PBXFileReference; fileEncoding = 4; lastKnownFileType = sourcecode.c.h; name = mapicondialog.ui.h; path = src/mapicondialog.ui.h; sourceTree = "<group>"; };
		F74FA5690F50F7D100014A6C /* message.h */ = {isa = PBXFileReference; fileEncoding = 4; lastKnownFileType = sourcecode.c.h; name = message.h; path = src/message.h; sourceTree = "<group>"; };
		F74FA56A0F50F7D100014A6C /* messagefilter.h */ = {isa = PBXFileReference; fileEncoding = 4; lastKnownFileType = sourcecode.c.h; name = messagefilter.h; path = src/messagefilter.h; sourceTree = "<group>"; };
		F74FA56B0F50F7D100014A6C /* messagefilterdialog.h */ = {isa = PBXFileReference; fileEncoding = 4; lastKnownFileType = sourcecode.c.h; name = messagefilterdialog.h; path = src/messagefilterdialog.h; sourceTree = "<group>"; };
		F74FA56C0F50F7D100014A6C /* messages.h */ = {isa = PBXFileReference; fileEncoding = 4; lastKnownFileType = sourcecode.c.h; name = messages.h; path = src/messages.h; sourceTree = "<group>"; };
		F74FA56D0F50F7D100014A6C /* messageshell.h */ = {isa = PBXFileReference; fileEncoding = 4; lastKnownFileType = sourcecode.c.h; name = messageshell.h; path = src/messageshell.h; sourceTree = "<group>"; };
		F74FA56E0F50F7D100014A6C /* messagewindow.h */ = {isa = PBXFileReference; fileEncoding = 4; lastKnownFileType = sourcecode.c.h; name = messagewindow.h; path = src/messagewindow.h; sourceTree = "<group>"; };
		F74FA56F0F50F7D100014A6C /* netdiag.h */ = {isa = PBXFileReference; fileEncoding = 4; lastKnownFileType = sourcecode.c.h; name = netdiag.h; path = src/netdiag.h; sourceTree = "<group>"; };
		F74FA5700F50F7D100014A6C /* netstream.h */ = {isa = PBXFileReference; fileEncoding = 4; lastKnownFileType = sourcecode.c.h; name = netstream.h; path = src/netstream.h; sourceTree = "<group>"; };
		F74FA5710F50F7D100014A6C /* opcodetable.h */ = {isa = PBXFileReference; fileEncoding = 4; lastKnownFileType = sourcecode.c.h; name = opcodetable.h; path = src/opcodetable.h; sourceTree = "<group>"; };
		F74FA5720F50F7D100014A6C /* packet.h */ = {isa = PBXFileReference; fileEncoding = 4; lastKnownFileType = sourcecode.c.h; name = packet.h; path = src/packet.h; sourceTree = "<group>"; };
		F74FA5730F50F7D100014A6C /* packetcapture.h */ = {isa = PBXFileReference; fileEncoding = 4; lastKnownFileType = sourcecode.c.h; name = packetcapture.h; path = src/packetcapture.h; sourceTree = "<group>"; };
		F74FA5740F50F7D100014A6C /* packetcommon.h */ = {isa = PBXFileReference; fileEncoding = 4; lastKnownFileType = sourcecode.c.h; name = packetcommon.h; path = src/packetcommon.h; sourceTree = "<group>"; };
		F74FA5750F50F7D100014A6C /* packetformat.h */ = {isa = PBXFileReference; fileEncoding = 4; lastKnownFileType = sourcecode.c.h; name = packetformat.h; path = src/packetformat.h; sourceTree = "<group>"; };
		F74FA5760F50F7D100014A6C /* packetfragment.h */ = {isa = PBXFileReference; fileEncoding = 4; lastKnownFileType = sourcecode.c.h; name = packetfragment.h; path = src/packetfragment.h; sourceTree = "<group>"; };
		F74FA5770F50F7D100014A6C /* packetinfo.h */ = {isa = PBXFileReference; fileEncoding = 4; lastKnownFileType = sourcecode.c.h; name = packetinfo.h; path = src/packetinfo.h; sourceTree = "<group>"; };
		F74FA5780F50F7D100014A6C /* packetlog.h */ = {isa = PBXFileReference; fileEncoding = 4; lastKnownFileType = sourcecode.c.h; name = packetlog.h; path = src/packetlog.h; sourceTree = "<group>"; };
		F74FA5790F50F7D100014A6C /* packetstream.h */ = {isa = PBXFileReference; fileEncoding = 4; lastKnownFileType = sourcecode.c.h; name = packetstream.h; path = src/packetstream.h; sourceTree = "<group>"; };
		F74FA57A0F50F7D100014A6C /* player.h */ = {isa = PBXFileReference; fileEncoding = 4; lastKnownFileType = sourcecode.c.h; name = player.h; path = src/player.h; sourceTree = "<group>"; };
		F74FA57B0F50F7D100014A6C /* point.h */ = {isa = PBXFileReference; fileEncoding = 4; lastKnownFileType = sourcecode.c.h; name = point.h; path = src/point.h; sourceTree = "<group>"; };
		F74FA57C0F50F7D100014A6C /* pointarray.h */ = {isa = PBXFileReference; fileEncoding = 4; lastKnownFileType = sourcecode.c.h; name = pointarray.h; path = src/pointarray.h; sourceTree = "<group>"; };
		F74FA57D0F50F7D100014A6C /* races.h */ = {isa = PBXFileReference; fileEncoding = 4; lastKnownFileType = sourcecode.c.h; name = races.h; path = src/races.h; sourceTree = "<group>"; };
		F74FA57E0F50F7D100014A6C /* s_everquest.h */ = {isa = PBXFileReference; fileEncoding = 4; lastKnownFileType = sourcecode.c.h; name = s_everquest.h; path = src/s_everquest.h; sourceTree = "<group>"; };
		F74FA57F0F50F7D100014A6C /* seqlistview.h */ = {isa = PBXFileReference; fileEncoding = 4; lastKnownFileType = sourcecode.c.h; name = seqlistview.h; path = src/seqlistview.h; sourceTree = "<group>"; };
		F74FA5800F50F7D100014A6C /* seqwindow.h */ = {isa = PBXFileReference; fileEncoding = 4; lastKnownFileType = sourcecode.c.h; name = seqwindow.h; path = src/seqwindow.h; sourceTree = "<group>"; };
		F74FA5810F50F7D100014A6C /* skilllist.h */ = {isa = PBXFileReference; fileEncoding = 4; lastKnownFileType = sourcecode.c.h; name = skilllist.h; path = src/skilllist.h; sourceTree = "<group>"; };
		F74FA5820F50F7D100014A6C /* skills.h */ = {isa = PBXFileReference; fileEncoding = 4; lastKnownFileType = sourcecode.c.h; name = skills.h; path = src/skills.h; sourceTree = "<group>"; };
		F74FA5830F50F7D100014A6C /* spawn.h */ = {isa = PBXFileReference; fileEncoding = 4; lastKnownFileType = sourcecode.c.h; name = spawn.h; path = src/spawn.h; sourceTree = "<group>"; };
		F74FA5840F50F7D100014A6C /* spawnlist.h */ = {isa = PBXFileReference; fileEncoding = 4; lastKnownFileType = sourcecode.c.h; name = spawnlist.h; path = src/spawnlist.h; sourceTree = "<group>"; };
		F74FA5850F50F7D100014A6C /* spawnlist2.h */ = {isa = PBXFileReference; fileEncoding = 4; lastKnownFileType = sourcecode.c.h; name = spawnlist2.h; path = src/spawnlist2.h; sourceTree = "<group>"; };
		F74FA5860F50F7D100014A6C /* spawnlistcommon.h */ = {isa = PBXFileReference; fileEncoding = 4; lastKnownFileType = sourcecode.c.h; name = spawnlistcommon.h; path = src/spawnlistcommon.h; sourceTree = "<group>"; };
		F74FA5870F50F7D100014A6C /* spawnlog.h */ = {isa = PBXFileReference; fileEncoding = 4; lastKnownFileType = sourcecode.c.h; name = spawnlog.h; path = src/spawnlog.h; sourceTree = "<group>"; };
		F74FA5880F50F7D100014A6C /* spawnmonitor.h */ = {isa = PBXFileReference; fileEncoding = 4; lastKnownFileType = sourcecode.c.h; name = spawnmonitor.h; path = src/spawnmonitor.h; sourceTree = "<group>"; };
		F74FA5890F50F7D100014A6C /* spawnpointlist.h */ = {isa = PBXFileReference; fileEncoding = 4; lastKnownFileType = sourcecode.c.h; name = spawnpointlist.h; path = src/spawnpointlist.h; sourceTree = "<group>"; };
		F74FA58A0F50F7D100014A6C /* spawnshell.h */ = {isa = PBXFileReference; fileEncoding = 4; lastKnownFileType = sourcecode.c.h; name = spawnshell.h; path = src/spawnshell.h; sourceTree = "<group>"; };
		F74FA58B0F50F7D100014A6C /* spelllist.h */ = {isa = PBXFileReference; fileEncoding = 4; lastKnownFileType = sourcecode.c.h; name = spelllist.h; path = src/spelllist.h; sourceTree = "<group>"; };
		F74FA58C0F50F7D100014A6C /* spells.h */ = {isa = PBXFileReference; fileEncoding = 4; lastKnownFileType = sourcecode.c.h; name = spells.h; path = src/spells.h; sourceTree = "<group>"; };
		F74FA58D0F50F7D100014A6C /* spellshell.h */ = {isa = PBXFileReference; fileEncoding = 4; lastKnownFileType = sourcecode.c.h; name = spellshell.h; path = src/spellshell.h; sourceTree = "<group>"; };
		F74FA58E0F50F7D100014A6C /* staticspells.h */ = {isa = PBXFileReference; fileEncoding = 4; lastKnownFileType = sourcecode.c.h; name = staticspells.h; path = src/staticspells.h; sourceTree = "<group>"; };
		F74FA58F0F50F7D100014A6C /* statlist.h */ = {isa = PBXFileReference; fileEncoding = 4; lastKnownFileType = sourcecode.c.h; name = statlist.h; path = src/statlist.h; sourceTree = "<group>"; };
		F74FA5900F50F7D100014A6C /* strnlen.h */ = {isa = PBXFileReference; fileEncoding = 4; lastKnownFileType = sourcecode.c.h; name = strnlen.h; path = src/strnlen.h; sourceTree = "<group>"; };
		F74FA5910F50F7D100014A6C /* terminal.h */ = {isa = PBXFileReference; fileEncoding = 4; lastKnownFileType = sourcecode.c.h; name = terminal.h; path = src/terminal.h; sourceTree = "<group>"; };
		F74FA5920F50F7D100014A6C /* typenames.h */ = {isa = PBXFileReference; fileEncoding = 4; lastKnownFileType = sourcecode.c.h; name = typenames.h; path = src/typenames.h; sourceTree = "<group>"; };
		F74FA5930F50F7D100014A6C /* util.h */ = {isa = PBXFileReference; fileEncoding = 4; lastKnownFileType = sourcecode.c.h; name = util.h; path = src/util.h; sourceTree = "<group>"; };
		F74FA5940F50F7D100014A6C /* vpacket.h */ = {isa = PBXFileReference; fileEncoding = 4; lastKnownFileType = sourcecode.c.h; name = vpacket.h; path = src/vpacket.h; sourceTree = "<group>"; };
		F74FA5950F50F7D100014A6C /* weapons.h */ = {isa = PBXFileReference; fileEncoding = 4; lastKnownFileType = sourcecode.c.h; name = weapons.h; path = src/weapons.h; sourceTree = "<group>"; };
		F74FA5960F50F7D100014A6C /* weapons1.h */ = {isa = PBXFileReference; fileEncoding = 4; lastKnownFileType = sourcecode.c.h; name = weapons1.h; path = src/weapons1.h; sourceTree = "<group>"; };
		F74FA5970F50F7D100014A6C /* weapons2a.h */ = {isa = PBXFileReference; fileEncoding = 4; lastKnownFileType = sourcecode.c.h; name = weapons2a.h; path = src/weapons2a.h; sourceTree = "<group>"; };
		F74FA5980F50F7D100014A6C /* weapons2b.h */ = {isa = PBXFileReference; fileEncoding = 4; lastKnownFileType = sourcecode.c.h; name = weapons2b.h; path = src/weapons2b.h; sourceTree = "<group>"; };
		F74FA5990F50F7D100014A6C /* weapons2c.h */ = {isa = PBXFileReference; fileEncoding = 4; lastKnownFileType = sourcecode.c.h; name = weapons2c.h; path = src/weapons2c.h; sourceTree = "<group>"; };
		F74FA59A0F50F7D100014A6C /* weapons27.h */ = {isa = PBXFileReference; fileEncoding = 4; lastKnownFileType = sourcecode.c.h; name = weapons27.h; path = src/weapons27.h; sourceTree = "<group>"; };
		F74FA59B0F50F7D100014A6C /* weapons28.h */ = {isa = PBXFileReference; fileEncoding = 4; lastKnownFileType = sourcecode.c.h; name = weapons28.h; path = src/weapons28.h; sourceTree = "<group>"; };
		F74FA59C0F50F7D100014A6C /* weapons29.h */ = {isa = PBXFileReference; fileEncoding = 4; lastKnownFileType = sourcecode.c.h; name = weapons29.h; path = src/weapons29.h; sourceTree = "<group>"; };
		F74FA59D0F50F7D100014A6C /* xmlconv.h */ = {isa = PBXFileReference; fileEncoding = 4; lastKnownFileType = sourcecode.c.h; name = xmlconv.h; path = src/xmlconv.h; sourceTree = "<group>"; };
		F74FA59E0F50F7D100014A6C /* xmlpreferences.h */ = {isa = PBXFileReference; fileEncoding = 4; lastKnownFileType = sourcecode.c.h; name = xmlpreferences.h; path = src/xmlpreferences.h; sourceTree = "<group>"; };
		F74FA59F0F50F7D100014A6C /* zonemgr.h */ = {isa = PBXFileReference; fileEncoding = 4; lastKnownFileType = sourcecode.c.h; name = zonemgr.h; path = src/zonemgr.h; sourceTree = "<group>"; };
		F74FA5A00F50F7D100014A6C /* zones.h */ = {isa = PBXFileReference; fileEncoding = 4; lastKnownFileType = sourcecode.c.h; name = zones.h; path = src/zones.h; sourceTree = "<group>"; };
/* End PBXFileReference section */

/* Begin PBXGroup section */
		6D34206D34206D3420000000 = {
			isa = PBXGroup;
			children = (
				6D36F06D36F06D36F0000000 /* Sources */,
				6D3AC06D3AC06D3AC0000000 /* Resources */,
				6DBBD06DBBD06DBBD0000000 /* Products */,
			);
			sourceTree = "<group>";
		};
		6D36F06D36F06D36F0000000 /* Sources */ = {
			isa = PBXGroup;
			children = (
				6D42906D42906D4290000000 /* showeq */,
			);
			name = Sources;
			sourceTree = "<group>";
		};
		6D3AC06D3AC06D3AC0000000 /* Resources */ = {
			isa = PBXGroup;
			children = (
			);
			name = Resources;
			sourceTree = "<group>";
		};
		6D42906D42906D4290000000 /* showeq */ = {
			isa = PBXGroup;
			children = (
				6D46F06D46F06D46F0000000 /* Source Files */,
				6D6C606D6C606D6C60000000 /* CMake Rules */,
				6DB4A06DB4A06DB4A0000000 /* Header Files */,
				10344C010344C010344C0000 /* mapicondialog.ui */,
			);
			name = showeq;
			sourceTree = "<group>";
		};
		6D46F06D46F06D46F0000000 /* Source Files */ = {
			isa = PBXGroup;
			children = (
				6E4B206E4B206E4B20000000 /* main.cpp */,
				6E52706E52706E5270000000 /* spawn.cpp */,
				6E5D406E5D406E5D40000000 /* spawnshell.cpp */,
				6E68206E68206E6820000000 /* spawnlist.cpp */,
				6E72E06E72E06E72E0000000 /* spellshell.cpp */,
				6E7DD06E7DD06E7DD0000000 /* spelllist.cpp */,
				6E88C06E88C06E88C0000000 /* vpacket.cpp */,
				6E93806E93806E9380000000 /* editor.cpp */,
				6E9E406E9E406E9E40000000 /* filter.cpp */,
				6EA9106EA9106EA910000000 /* packetfragment.cpp */,
				6EB3E06EB3E06EB3E0000000 /* packetstream.cpp */,
				6EBEA06EBEA06EBEA0000000 /* packetinfo.cpp */,
				6EC9606EC9606EC960000000 /* packet.cpp */,
				6ED4206ED4206ED420000000 /* packetcapture.cpp */,
				6EDEE06EDEE06EDEE0000000 /* packetformat.cpp */,
				6EE9A06EE9A06EE9A0000000 /* interface.cpp */,
				6EF4606EF4606EF460000000 /* compass.cpp */,
				6F03C06F03C06F03C0000000 /* map.cpp */,
				6F0A406F0A406F0A40000000 /* util.cpp */,
				6F14F06F14F06F14F0000000 /* experiencelog.cpp */,
				6F1FB06F1FB06F1FB0000000 /* combatlog.cpp */,
				6F2A706F2A706F2A70000000 /* player.cpp */,
				6F35306F35306F3530000000 /* skilllist.cpp */,
				6F3FF06F3FF06F3FF0000000 /* statlist.cpp */,
				6F4AB06F4AB06F4AB0000000 /* filtermgr.cpp */,
				6F55706F55706F5570000000 /* mapcore.cpp */,
				6F60306F60306F6030000000 /* category.cpp */,
				6F6AF06F6AF06F6AF0000000 /* compassframe.cpp */,
				6F75B06F75B06F75B0000000 /* group.cpp */,
				6F80606F80606F8060000000 /* guild.cpp */,
				6F8B106F8B106F8B10000000 /* netdiag.cpp */,
				6F95D06F95D06F95D0000000 /* logger.cpp */,
				6FA0906FA0906FA090000000 /* xmlconv.cpp */,
				6FABE06FABE06FABE0000000 /* xmlpreferences.cpp */,
				6FB7206FB7206FB720000000 /* seqwindow.cpp */,
				100017010001701000170000 /* seqlistview.cpp */,
				1000C501000C501000C50000 /* zonemgr.cpp */,
				100171010017101001710000 /* spawnmonitor.cpp */,
				10021F010021F010021F0000 /* spawnpointlist.cpp */,
				1002CC01002CC01002CC0000 /* spawnlistcommon.cpp */,
				100379010037901003790000 /* spawnlist2.cpp */,
				100427010042701004270000 /* spells.cpp */,
				1004D301004D301004D30000 /* datetimemgr.cpp */,
				100581010058101005810000 /* spawnlog.cpp */,
				10062D010062D010062D0000 /* packetlog.cpp */,
				1006DB01006DB01006DB0000 /* datalocationmgr.cpp */,
				100788010078801007880000 /* eqstr.cpp */,
				100836010083601008360000 /* messages.cpp */,
				1008E201008E201008E20000 /* message.cpp */,
				10098E010098E010098E0000 /* messagefilter.cpp */,
				100A3C0100A3C0100A3C0000 /* messagewindow.cpp */,
				100AEA0100AEA0100AEA0000 /* messageshell.cpp */,
				100B980100B980100B980000 /* terminal.cpp */,
				100C440100C440100C440000 /* filteredspawnlog.cpp */,
				100D370100D370100D370000 /* messagefilterdialog.cpp */,
				100DE60100DE60100DE60000 /* diagnosticmessages.cpp */,
				100E970100E970100E970000 /* mapicon.cpp */,
				100EFF0100EFF0100EFF0000 /* filternotifications.cpp */,
				100FF20100FF20100FF20000 /* netstream.cpp */,
				101058010105801010580000 /* guildshell.cpp */,
				101106010110601011060000 /* guildlist.cpp */,
				1011B401011B401011B40000 /* bazaarlog.cpp */,
				101262010126201012620000 /* mapicondialog.cpp */,
				101310010131001013100000 /* mapicondialog.moc.cpp */,
			);
			name = "Source Files";
			sourceTree = "<group>";
		};
		6D6C606D6C606D6C60000000 /* CMake Rules */ = {
			isa = PBXGroup;
			children = (
				101403010140301014030000 /* spawnshell.moc.rule */,
				1014AF01014AF01014AF0000 /* spawnlist.moc.rule */,
				10155C010155C010155C0000 /* spellshell.moc.rule */,
				101609010160901016090000 /* spelllist.moc.rule */,
				1016B401016B401016B40000 /* editor.moc.rule */,
				101720010172001017200000 /* packetstream.moc.rule */,
				101812010181201018120000 /* packetinfo.moc.rule */,
				1018BD01018BD01018BD0000 /* packet.moc.rule */,
				10196A010196A010196A0000 /* interface.moc.rule */,
				101A190101A190101A190000 /* compass.moc.rule */,
				101AC40101AC40101AC40000 /* map.moc.rule */,
				101B2E0101B2E0101B2E0000 /* experiencelog.moc.rule */,
				101C1E0101C1E0101C1E0000 /* combatlog.moc.rule */,
				101C870101C870101C870000 /* player.moc.rule */,
				101D770101D770101D770000 /* skilllist.moc.rule */,
				101E220101E220101E220000 /* statlist.moc.rule */,
				101ECD0101ECD0101ECD0000 /* filtermgr.moc.rule */,
				101F7D0101F7D0101F7D0000 /* category.moc.rule */,
				102028010202801020280000 /* compassframe.moc.rule */,
				102095010209501020950000 /* group.moc.rule */,
				102142010214201021420000 /* guild.moc.rule */,
				102232010223201022320000 /* netdiag.moc.rule */,
				1022DD01022DD01022DD0000 /* logger.moc.rule */,
				10238A010238A010238A0000 /* xmlpreferences.moc.rule */,
				1023F701023F701023F70000 /* seqwindow.moc.rule */,
				1024A401024A401024A40000 /* seqlistview.moc.rule */,
				102596010259601025960000 /* zonemgr.moc.rule */,
				102641010264101026410000 /* spawnmonitor.moc.rule */,
				1026AE01026AE01026AE0000 /* spawnpointlist.moc.rule */,
				10275D010275D010275D0000 /* spawnlistcommon.moc.rule */,
				10280C010280C010280C0000 /* spawnlist2.moc.rule */,
				1028B901028B901028B90000 /* datetimemgr.moc.rule */,
				1029AB01029AB01029AB0000 /* spawnlog.moc.rule */,
				102A1D0102A1D0102A1D0000 /* packetlog.moc.rule */,
				102B0D0102B0D0102B0D0000 /* messages.moc.rule */,
				102BB80102BB80102BB80000 /* messagefilter.moc.rule */,
				102C250102C250102C250000 /* messagewindow.moc.rule */,
				102CD40102CD40102CD40000 /* messageshell.moc.rule */,
				102D830102D830102D830000 /* terminal.moc.rule */,
				102E300102E300102E300000 /* filteredspawnlog.moc.rule */,
				102F220102F220102F220000 /* messagefilterdialog.moc.rule */,
				102F8F0102F8F0102F8F0000 /* mapicon.moc.rule */,
				10303C010303C010303C0000 /* filternotifications.moc.rule */,
				10312E010312E010312E0000 /* guildshell.moc.rule */,
				1031D901031D901031D90000 /* guildlist.moc.rule */,
				103284010328401032840000 /* bazaarlog.moc.rule */,
				10339A010339A010339A0000 /* mapicondialog.moc.cpp.rule */,
			);
			name = "CMake Rules";
			sourceTree = "<group>";
		};
		6DB4A06DB4A06DB4A0000000 /* Header Files */ = {
			isa = PBXGroup;
			children = (
				F74FA5440F50F7D100014A6C /* bazaarlog.h */,
				F74FA5450F50F7D100014A6C /* category.h */,
				F74FA5460F50F7D100014A6C /* cgiconv.h */,
				F74FA5470F50F7D100014A6C /* classes.h */,
				F74FA5480F50F7D100014A6C /* combatlog.h */,
				F74FA5490F50F7D100014A6C /* compass.h */,
				F74FA54A0F50F7D100014A6C /* compassframe.h */,
				F74FA54B0F50F7D100014A6C /* crctab.h */,
				F74FA54C0F50F7D100014A6C /* datalocationmgr.h */,
				F74FA54D0F50F7D100014A6C /* datetimemgr.h */,
				F74FA54E0F50F7D100014A6C /* db3conv.h */,
				F74FA54F0F50F7D100014A6C /* dbcommon.h */,
				F74FA5500F50F7D100014A6C /* decode.h */,
				F74FA5510F50F7D100014A6C /* deity.h */,
				F74FA5520F50F7D100014A6C /* diagnosticmessages.h */,
				F74FA5530F50F7D100014A6C /* editor.h */,
				F74FA5540F50F7D100014A6C /* eqstr.h */,
				F74FA5550F50F7D100014A6C /* everquest.h */,
				F74FA5560F50F7D100014A6C /* experiencelog.h */,
				F74FA5570F50F7D100014A6C /* filter.h */,
				F74FA5580F50F7D100014A6C /* filteredspawnlog.h */,
				F74FA5590F50F7D100014A6C /* filtermgr.h */,
				F74FA55A0F50F7D100014A6C /* filternotifications.h */,
				F74FA55B0F50F7D100014A6C /* fixpt.h */,
				F74FA55C0F50F7D100014A6C /* gdbmconv.h */,
				F74FA55D0F50F7D100014A6C /* group.h */,
				F74FA55E0F50F7D100014A6C /* guild.h */,
				F74FA55F0F50F7D100014A6C /* guildlist.h */,
				F74FA5600F50F7D100014A6C /* guildshell.h */,
				F74FA5610F50F7D100014A6C /* itemdb.h */,
				F74FA5620F50F7D100014A6C /* languages.h */,
				F74FA5630F50F7D100014A6C /* logger.h */,
				F74FA5640F50F7D100014A6C /* main.h */,
				F74FA5650F50F7D100014A6C /* map.h */,
				F74FA5660F50F7D100014A6C /* mapcore.h */,
				F74FA5670F50F7D100014A6C /* mapicon.h */,
				F74FA5680F50F7D100014A6C /* mapicondialog.ui.h */,
				F74FA5690F50F7D100014A6C /* message.h */,
				F74FA56A0F50F7D100014A6C /* messagefilter.h */,
				F74FA56B0F50F7D100014A6C /* messagefilterdialog.h */,
				F74FA56C0F50F7D100014A6C /* messages.h */,
				F74FA56D0F50F7D100014A6C /* messageshell.h */,
				F74FA56E0F50F7D100014A6C /* messagewindow.h */,
				F74FA56F0F50F7D100014A6C /* netdiag.h */,
				F74FA5700F50F7D100014A6C /* netstream.h */,
				F74FA5710F50F7D100014A6C /* opcodetable.h */,
				F74FA5720F50F7D100014A6C /* packet.h */,
				F74FA5730F50F7D100014A6C /* packetcapture.h */,
				F74FA5740F50F7D100014A6C /* packetcommon.h */,
				F74FA5750F50F7D100014A6C /* packetformat.h */,
				F74FA5760F50F7D100014A6C /* packetfragment.h */,
				F74FA5770F50F7D100014A6C /* packetinfo.h */,
				F74FA5780F50F7D100014A6C /* packetlog.h */,
				F74FA5790F50F7D100014A6C /* packetstream.h */,
				F74FA57A0F50F7D100014A6C /* player.h */,
				F74FA57B0F50F7D100014A6C /* point.h */,
				F74FA57C0F50F7D100014A6C /* pointarray.h */,
				F74FA57D0F50F7D100014A6C /* races.h */,
				F74FA57E0F50F7D100014A6C /* s_everquest.h */,
				F74FA57F0F50F7D100014A6C /* seqlistview.h */,
				F74FA5800F50F7D100014A6C /* seqwindow.h */,
				F74FA5810F50F7D100014A6C /* skilllist.h */,
				F74FA5820F50F7D100014A6C /* skills.h */,
				F74FA5830F50F7D100014A6C /* spawn.h */,
				F74FA5840F50F7D100014A6C /* spawnlist.h */,
				F74FA5850F50F7D100014A6C /* spawnlist2.h */,
				F74FA5860F50F7D100014A6C /* spawnlistcommon.h */,
				F74FA5870F50F7D100014A6C /* spawnlog.h */,
				F74FA5880F50F7D100014A6C /* spawnmonitor.h */,
				F74FA5890F50F7D100014A6C /* spawnpointlist.h */,
				F74FA58A0F50F7D100014A6C /* spawnshell.h */,
				F74FA58B0F50F7D100014A6C /* spelllist.h */,
				F74FA58C0F50F7D100014A6C /* spells.h */,
				F74FA58D0F50F7D100014A6C /* spellshell.h */,
				F74FA58E0F50F7D100014A6C /* staticspells.h */,
				F74FA58F0F50F7D100014A6C /* statlist.h */,
				F74FA5900F50F7D100014A6C /* strnlen.h */,
				F74FA5910F50F7D100014A6C /* terminal.h */,
				F74FA5920F50F7D100014A6C /* typenames.h */,
				F74FA5930F50F7D100014A6C /* util.h */,
				F74FA5940F50F7D100014A6C /* vpacket.h */,
				F74FA5950F50F7D100014A6C /* weapons.h */,
				F74FA5960F50F7D100014A6C /* weapons1.h */,
				F74FA5970F50F7D100014A6C /* weapons2a.h */,
				F74FA5980F50F7D100014A6C /* weapons2b.h */,
				F74FA5990F50F7D100014A6C /* weapons2c.h */,
				F74FA59A0F50F7D100014A6C /* weapons27.h */,
				F74FA59B0F50F7D100014A6C /* weapons28.h */,
				F74FA59C0F50F7D100014A6C /* weapons29.h */,
				F74FA59D0F50F7D100014A6C /* xmlconv.h */,
				F74FA59E0F50F7D100014A6C /* xmlpreferences.h */,
				F74FA59F0F50F7D100014A6C /* zonemgr.h */,
				F74FA5A00F50F7D100014A6C /* zones.h */,
				10332F010332F010332F0000 /* mapicondialog.h */,
			);
			name = "Header Files";
			sourceTree = "<group>";
		};
		6DBBD06DBBD06DBBD0000000 /* Products */ = {
			isa = PBXGroup;
			children = (
				103E770103E770103E770000 /* showeq */,
			);
			name = Products;
			sourceTree = "<group>";
		};
/* End PBXGroup section */

/* Begin PBXNativeTarget section */
		10357A010357A010357A0000 /* showeq */ = {
			isa = PBXNativeTarget;
			buildConfigurationList = 10359D010359D010359D0000 /* Build configuration list for PBXNativeTarget "showeq" */;
			buildPhases = (
				1035D001035D001035D00000 /* CMake ReRun */,
				1036DB01036DB01036DB0000 /* CMake Rules */,
				1034F901034F901034F90000 /* Sources */,
				10374A010374A010374A0000 /* CMake PostBuild Rules */,
			);
			buildRules = (
			);
			dependencies = (
			);
			name = showeq;
			productName = showeq;
			productReference = 103E770103E770103E770000 /* showeq */;
			productType = "com.apple.product-type.tool";
		};
/* End PBXNativeTarget section */

/* Begin PBXProject section */
		6D41806D41806D4180000000 /* Project object */ = {
			isa = PBXProject;
			buildConfigurationList = 6DC1C06DC1C06DC1C0000000 /* Build configuration list for PBXProject "showeq" */;
			compatibilityVersion = "Xcode 2.4";
			hasScannedForEncodings = 0;
			mainGroup = 6D34206D34206D3420000000;
			projectDirPath = "";
			projectRoot = "/Users/brainiac/Development/ShowEQ-5.13.1.0";
			targets = (
				6DD6406DD6406DD640000000 /* ALL_BUILD */,
				10357A010357A010357A0000 /* showeq */,
			);
		};
/* End PBXProject section */

/* Begin PBXShellScriptBuildPhase section */
		1035D001035D001035D00000 /* CMake ReRun */ = {
			isa = PBXShellScriptBuildPhase;
			buildActionMask = 2147483647;
			files = (
			);
			name = "CMake ReRun";
			runOnlyForDeploymentPostprocessing = 0;
			shellPath = /bin/sh;
			shellScript = "make -C /Users/brainiac/Development/ShowEQ-5.13.1.0 -f /Users/brainiac/Development/ShowEQ-5.13.1.0/CMakeScripts/ReRunCMake.make";
		};
		1036DB01036DB01036DB0000 /* CMake Rules */ = {
			isa = PBXShellScriptBuildPhase;
			buildActionMask = 2147483647;
			files = (
			);
			name = "CMake Rules";
			runOnlyForDeploymentPostprocessing = 0;
			shellPath = /bin/sh;
			shellScript = "make -C /Users/brainiac/Development/ShowEQ-5.13.1.0/src -f /Users/brainiac/Development/ShowEQ-5.13.1.0/src/CMakeScripts/showeq_cmakeRulesBuildPhase.make$CONFIGURATION all";
		};
		10374A010374A010374A0000 /* CMake PostBuild Rules */ = {
			isa = PBXShellScriptBuildPhase;
			buildActionMask = 2147483647;
			files = (
			);
			name = "CMake PostBuild Rules";
			runOnlyForDeploymentPostprocessing = 0;
			shellPath = /bin/sh;
			shellScript = "make -C /Users/brainiac/Development/ShowEQ-5.13.1.0/src -f /Users/brainiac/Development/ShowEQ-5.13.1.0/src/CMakeScripts/showeq_postBuildPhase.make$CONFIGURATION all";
		};
		6DD8206DD8206DD820000000 /* CMake ReRun */ = {
			isa = PBXShellScriptBuildPhase;
			buildActionMask = 2147483647;
			files = (
			);
			name = "CMake ReRun";
			runOnlyForDeploymentPostprocessing = 0;
			shellPath = /bin/sh;
			shellScript = "make -C /Users/brainiac/Development/ShowEQ-5.13.1.0 -f /Users/brainiac/Development/ShowEQ-5.13.1.0/CMakeScripts/ReRunCMake.make";
		};
		6DDF106DDF106DDF10000000 /* CMake Rules */ = {
			isa = PBXShellScriptBuildPhase;
			buildActionMask = 2147483647;
			files = (
			);
			name = "CMake Rules";
			runOnlyForDeploymentPostprocessing = 0;
			shellPath = /bin/sh;
			shellScript = "make -C /Users/brainiac/Development/ShowEQ-5.13.1.0 -f /Users/brainiac/Development/ShowEQ-5.13.1.0/CMakeScripts/ALL_BUILD_cmakeRulesBuildPhase.make$CONFIGURATION all";
		};
/* End PBXShellScriptBuildPhase section */

/* Begin PBXSourcesBuildPhase section */
		1034F901034F901034F90000 /* Sources */ = {
			isa = PBXSourcesBuildPhase;
			buildActionMask = 2147483647;
			files = (
				6E4D106E4D106E4D10000000 /* main.cpp in Sources */,
				6E57206E57206E5720000000 /* spawn.cpp in Sources */,
				6E62006E62006E6200000000 /* spawnshell.cpp in Sources */,
				6E6D706E6D706E6D70000000 /* spawnlist.cpp in Sources */,
				6E78306E78306E7830000000 /* spellshell.cpp in Sources */,
				6E83606E83606E8360000000 /* spelllist.cpp in Sources */,
				6E8D706E8D706E8D70000000 /* vpacket.cpp in Sources */,
				6E98306E98306E9830000000 /* editor.cpp in Sources */,
				6EA3906EA3906EA390000000 /* filter.cpp in Sources */,
				6EAEC06EAEC06EAEC0000000 /* packetfragment.cpp in Sources */,
				6EB9306EB9306EB930000000 /* packetstream.cpp in Sources */,
				6EC3F06EC3F06EC3F0000000 /* packetinfo.cpp in Sources */,
				6ECE106ECE106ECE10000000 /* packet.cpp in Sources */,
				6ED9706ED9706ED970000000 /* packetcapture.cpp in Sources */,
				6EE4306EE4306EE430000000 /* packetformat.cpp in Sources */,
				6EEEF06EEEF06EEEF0000000 /* interface.cpp in Sources */,
				6EF9106EF9106EF910000000 /* compass.cpp in Sources */,
				6F04806F04806F0480000000 /* map.cpp in Sources */,
				6F0F806F0F806F0F80000000 /* util.cpp in Sources */,
				6F1A406F1A406F1A40000000 /* experiencelog.cpp in Sources */,
				6F25006F25006F2500000000 /* combatlog.cpp in Sources */,
				6F2F206F2F206F2F20000000 /* player.cpp in Sources */,
				6F3A806F3A806F3A80000000 /* skilllist.cpp in Sources */,
				6F44A06F44A06F44A0000000 /* statlist.cpp in Sources */,
				6F50006F50006F5000000000 /* filtermgr.cpp in Sources */,
				6F5A206F5A206F5A20000000 /* mapcore.cpp in Sources */,
				6F64E06F64E06F64E0000000 /* category.cpp in Sources */,
				6F70406F70406F7040000000 /* compassframe.cpp in Sources */,
				6F7AF06F7AF06F7AF0000000 /* group.cpp in Sources */,
				6F85A06F85A06F85A0000000 /* guild.cpp in Sources */,
				6F8FC06F8FC06F8FC0000000 /* netdiag.cpp in Sources */,
				6F9A806F9A806F9A80000000 /* logger.cpp in Sources */,
				6FA5406FA5406FA540000000 /* xmlconv.cpp in Sources */,
				6FB1606FB1606FB160000000 /* xmlpreferences.cpp in Sources */,
				6FBC706FBC706FBC70000000 /* seqwindow.cpp in Sources */,
				100071010007101000710000 /* seqlistview.cpp in Sources */,
				10010C010010C010010C0000 /* zonemgr.cpp in Sources */,
				1001CB01001CB01001CB0000 /* spawnmonitor.cpp in Sources */,
				10027A010027A010027A0000 /* spawnpointlist.cpp in Sources */,
				100327010032701003270000 /* spawnlistcommon.cpp in Sources */,
				1003D301003D301003D30000 /* spawnlist2.cpp in Sources */,
				10046E010046E010046E0000 /* spells.cpp in Sources */,
				10052D010052D010052D0000 /* datetimemgr.cpp in Sources */,
				1005C801005C801005C80000 /* spawnlog.cpp in Sources */,
				100687010068701006870000 /* packetlog.cpp in Sources */,
				100736010073601007360000 /* datalocationmgr.cpp in Sources */,
				1007CF01007CF01007CF0000 /* eqstr.cpp in Sources */,
				10087D010087D010087D0000 /* messages.cpp in Sources */,
				100929010092901009290000 /* message.cpp in Sources */,
				1009E801009E801009E80000 /* messagefilter.cpp in Sources */,
				100A960100A960100A960000 /* messagewindow.cpp in Sources */,
				100B440100B440100B440000 /* messageshell.cpp in Sources */,
				100BDF0100BDF0100BDF0000 /* terminal.cpp in Sources */,
				100C8B0100C8B0100C8B0000 /* filteredspawnlog.cpp in Sources */,
				100D4F0100D4F0100D4F0000 /* messagefilterdialog.cpp in Sources */,
				100DEE0100DEE0100DEE0000 /* diagnosticmessages.cpp in Sources */,
				100E9E0100E9E0100E9E0000 /* mapicon.cpp in Sources */,
				100F460100F460100F460000 /* filternotifications.cpp in Sources */,
				101000010100001010000000 /* netstream.cpp in Sources */,
				1010A301010A301010A30000 /* guildshell.cpp in Sources */,
				101160010116001011600000 /* guildlist.cpp in Sources */,
				10120E010120E010120E0000 /* bazaarlog.cpp in Sources */,
				1012B901012B901012B90000 /* mapicondialog.cpp in Sources */,
				101369010136901013690000 /* mapicondialog.moc.cpp in Sources */,
			);
			runOnlyForDeploymentPostprocessing = 0;
		};
/* End PBXSourcesBuildPhase section */

/* Begin PBXTargetDependency section */
		103FFE0103FFE0103FFE0000 /* PBXTargetDependency */ = {
			isa = PBXTargetDependency;
			target = 10357A010357A010357A0000 /* showeq */;
			targetProxy = 103FBE0103FBE0103FBE0000 /* PBXContainerItemProxy */;
		};
/* End PBXTargetDependency section */

/* Begin XCBuildConfiguration section */
		10362B010362B010362B0000 /* Debug */ = {
			isa = XCBuildConfiguration;
			buildSettings = {
				EXECUTABLE_PREFIX = "";
				EXECUTABLE_SUFFIX = "";
				GCC_GENERATE_DEBUGGING_SYMBOLS = YES;
				GCC_INLINES_ARE_PRIVATE_EXTERN = NO;
				GCC_OPTIMIZATION_LEVEL = 0;
				GCC_PREPROCESSOR_DEFINITIONS = (
					"$(GCC_PREPROCESSOR_DEFINITIONS_QUOTED_FOR_TARGET_1)",
					"$(GCC_PREPROCESSOR_DEFINITIONS_QUOTED_FOR_TARGET_2)",
					"$(GCC_PREPROCESSOR_DEFINITIONS_QUOTED_FOR_TARGET_3)",
					"$(GCC_PREPROCESSOR_DEFINITIONS_QUOTED_FOR_TARGET_4)",
					"$(GCC_PREPROCESSOR_DEFINITIONS_QUOTED_FOR_TARGET_5)",
					"$(GCC_PREPROCESSOR_DEFINITIONS_QUOTED_FOR_TARGET_6)",
					"$(GCC_PREPROCESSOR_DEFINITIONS_QUOTED_FOR_TARGET_7)",
				);
				GCC_PREPROCESSOR_DEFINITIONS_QUOTED_FOR_TARGET_1 = "'CMAKE_INTDIR=\"$(CONFIGURATION)\"'";
				GCC_PREPROCESSOR_DEFINITIONS_QUOTED_FOR_TARGET_2 = "'HAVE_CONFIG_H'";
				GCC_PREPROCESSOR_DEFINITIONS_QUOTED_FOR_TARGET_3 = "'QT3_SUPPORT'";
				GCC_PREPROCESSOR_DEFINITIONS_QUOTED_FOR_TARGET_4 = "'QT_3SUPPORT_LIB'";
				GCC_PREPROCESSOR_DEFINITIONS_QUOTED_FOR_TARGET_5 = "'QT_GUI_LIB'";
				GCC_PREPROCESSOR_DEFINITIONS_QUOTED_FOR_TARGET_6 = "'QT_CORE_LIB'";
				GCC_PREPROCESSOR_DEFINITIONS_QUOTED_FOR_TARGET_7 = "'QT_DEBUG'";
				GCC_SYMBOLS_PRIVATE_EXTERN = NO;
				HEADER_SEARCH_PATHS = (
					"/Users/brainiac/Development/ShowEQ-5.13.1.0",
					"/Users/brainiac/Development/ShowEQ-5.13.1.0/src",
					"/usr/local/Trolltech/Qt-4.4.3/include/Qt3Support",
					"/usr/local/Trolltech/Qt-4.4.3/include",
					"/usr/local/Trolltech/Qt-4.4.3/include/QtGui",
					"/usr/local/Trolltech/Qt-4.4.3/include/QtCore",
				);
				INSTALL_PATH = "";
				LIBRARY_SEARCH_PATHS = "";
				OTHER_CFLAGS = (
					"-F/usr/local/Trolltech/Qt-4.4.3/lib",
					"-L/usr/local/Trolltech/Qt-4.4.3/lib",
					"-F/usr/local/Trolltech/Qt-4.4.3/lib",
					"-L/usr/local/Trolltech/Qt-4.4.3/lib",
				);
				OTHER_CPLUSPLUSFLAGS = (
					"-F/usr/local/Trolltech/Qt-4.4.3/lib",
					"-L/usr/local/Trolltech/Qt-4.4.3/lib",
					"-F/usr/local/Trolltech/Qt-4.4.3/lib",
					"-L/usr/local/Trolltech/Qt-4.4.3/lib",
				);
				OTHER_LDFLAGS = (
					"-Wl,-search_paths_first",
					"-headerpad_max_install_names",
					/usr/lib/libz.dylib,
					"-lpcap",
					"-F/usr/local/Trolltech/Qt-4.4.3/lib",
					"-framework",
					Qt3Support,
					"-F/usr/local/Trolltech/Qt-4.4.3/lib",
					"-framework",
					QtGui,
					"-F/usr/local/Trolltech/Qt-4.4.3/lib",
					"-framework",
					QtXml,
					"-F/usr/local/Trolltech/Qt-4.4.3/lib",
					"-framework",
					QtSql,
					"-F/usr/local/Trolltech/Qt-4.4.3/lib",
					"-framework",
					QtNetwork,
					"-F/usr/local/Trolltech/Qt-4.4.3/lib",
					"-framework",
					QtCore,
					"-lpthread",
				);
				OTHER_REZFLAGS = "";
				PREBINDING = NO;
				PRODUCT_NAME = showeq;
				SECTORDER_FLAGS = "";
				SYMROOT = "/Users/brainiac/Development/ShowEQ-5.13.1.0/src";
				USE_HEADERMAP = NO;
				WARNING_CFLAGS = (
					"-Wmost",
					"-Wno-four-char-constants",
					"-Wno-unknown-pragmas",
				);
			};
			name = Debug;
		};
		103653010365301036530000 /* Release */ = {
			isa = XCBuildConfiguration;
			buildSettings = {
				EXECUTABLE_PREFIX = "";
				EXECUTABLE_SUFFIX = "";
				GCC_GENERATE_DEBUGGING_SYMBOLS = NO;
				GCC_INLINES_ARE_PRIVATE_EXTERN = NO;
				GCC_OPTIMIZATION_LEVEL = 3;
				GCC_PREPROCESSOR_DEFINITIONS = (
					"$(GCC_PREPROCESSOR_DEFINITIONS_QUOTED_FOR_TARGET_1)",
					"$(GCC_PREPROCESSOR_DEFINITIONS_QUOTED_FOR_TARGET_2)",
					"$(GCC_PREPROCESSOR_DEFINITIONS_QUOTED_FOR_TARGET_3)",
					"$(GCC_PREPROCESSOR_DEFINITIONS_QUOTED_FOR_TARGET_4)",
					"$(GCC_PREPROCESSOR_DEFINITIONS_QUOTED_FOR_TARGET_5)",
					"$(GCC_PREPROCESSOR_DEFINITIONS_QUOTED_FOR_TARGET_6)",
					"$(GCC_PREPROCESSOR_DEFINITIONS_QUOTED_FOR_TARGET_7)",
				);
				GCC_PREPROCESSOR_DEFINITIONS_QUOTED_FOR_TARGET_1 = "'CMAKE_INTDIR=\"$(CONFIGURATION)\"'";
				GCC_PREPROCESSOR_DEFINITIONS_QUOTED_FOR_TARGET_2 = "'HAVE_CONFIG_H'";
				GCC_PREPROCESSOR_DEFINITIONS_QUOTED_FOR_TARGET_3 = "'QT3_SUPPORT'";
				GCC_PREPROCESSOR_DEFINITIONS_QUOTED_FOR_TARGET_4 = "'QT_3SUPPORT_LIB'";
				GCC_PREPROCESSOR_DEFINITIONS_QUOTED_FOR_TARGET_5 = "'QT_GUI_LIB'";
				GCC_PREPROCESSOR_DEFINITIONS_QUOTED_FOR_TARGET_6 = "'QT_CORE_LIB'";
				GCC_PREPROCESSOR_DEFINITIONS_QUOTED_FOR_TARGET_7 = "'QT_NO_DEBUG'";
				GCC_SYMBOLS_PRIVATE_EXTERN = NO;
				HEADER_SEARCH_PATHS = (
					"/Users/brainiac/Development/ShowEQ-5.13.1.0",
					"/Users/brainiac/Development/ShowEQ-5.13.1.0/src",
					"/usr/local/Trolltech/Qt-4.4.3/include/Qt3Support",
					"/usr/local/Trolltech/Qt-4.4.3/include",
					"/usr/local/Trolltech/Qt-4.4.3/include/QtGui",
					"/usr/local/Trolltech/Qt-4.4.3/include/QtCore",
				);
				INSTALL_PATH = "";
				LIBRARY_SEARCH_PATHS = "";
				OTHER_CFLAGS = (
					"-DNDEBUG",
					"-F/usr/local/Trolltech/Qt-4.4.3/lib",
					"-L/usr/local/Trolltech/Qt-4.4.3/lib",
					"-F/usr/local/Trolltech/Qt-4.4.3/lib",
					"-L/usr/local/Trolltech/Qt-4.4.3/lib",
				);
				OTHER_CPLUSPLUSFLAGS = (
					"-DNDEBUG",
					"-DQT_NO_DEBUG",
					"-F/usr/local/Trolltech/Qt-4.4.3/lib",
					"-L/usr/local/Trolltech/Qt-4.4.3/lib",
					"-F/usr/local/Trolltech/Qt-4.4.3/lib",
					"-L/usr/local/Trolltech/Qt-4.4.3/lib",
				);
				OTHER_LDFLAGS = (
					"-Wl,-search_paths_first",
					"-headerpad_max_install_names",
					/usr/lib/libz.dylib,
					"-lpcap",
					"-F/usr/local/Trolltech/Qt-4.4.3/lib",
					"-framework",
					Qt3Support,
					"-F/usr/local/Trolltech/Qt-4.4.3/lib",
					"-framework",
					QtGui,
					"-F/usr/local/Trolltech/Qt-4.4.3/lib",
					"-framework",
					QtXml,
					"-F/usr/local/Trolltech/Qt-4.4.3/lib",
					"-framework",
					QtSql,
					"-F/usr/local/Trolltech/Qt-4.4.3/lib",
					"-framework",
					QtNetwork,
					"-F/usr/local/Trolltech/Qt-4.4.3/lib",
					"-framework",
					QtCore,
					"-lpthread",
				);
				OTHER_REZFLAGS = "";
				PREBINDING = NO;
				PRODUCT_NAME = showeq;
				SECTORDER_FLAGS = "";
				SYMROOT = "/Users/brainiac/Development/ShowEQ-5.13.1.0/src";
				USE_HEADERMAP = NO;
				WARNING_CFLAGS = (
					"-Wmost",
					"-Wno-four-char-constants",
					"-Wno-unknown-pragmas",
				);
			};
			name = Release;
		};
		103926010392601039260000 /* MinSizeRel */ = {
			isa = XCBuildConfiguration;
			buildSettings = {
				EXECUTABLE_PREFIX = "";
				EXECUTABLE_SUFFIX = "";
				GCC_GENERATE_DEBUGGING_SYMBOLS = NO;
				GCC_INLINES_ARE_PRIVATE_EXTERN = NO;
				GCC_OPTIMIZATION_LEVEL = s;
				GCC_PREPROCESSOR_DEFINITIONS = (
					"$(GCC_PREPROCESSOR_DEFINITIONS_QUOTED_FOR_TARGET_1)",
					"$(GCC_PREPROCESSOR_DEFINITIONS_QUOTED_FOR_TARGET_2)",
					"$(GCC_PREPROCESSOR_DEFINITIONS_QUOTED_FOR_TARGET_3)",
					"$(GCC_PREPROCESSOR_DEFINITIONS_QUOTED_FOR_TARGET_4)",
					"$(GCC_PREPROCESSOR_DEFINITIONS_QUOTED_FOR_TARGET_5)",
					"$(GCC_PREPROCESSOR_DEFINITIONS_QUOTED_FOR_TARGET_6)",
					"$(GCC_PREPROCESSOR_DEFINITIONS_QUOTED_FOR_TARGET_7)",
				);
				GCC_PREPROCESSOR_DEFINITIONS_QUOTED_FOR_TARGET_1 = "'CMAKE_INTDIR=\"$(CONFIGURATION)\"'";
				GCC_PREPROCESSOR_DEFINITIONS_QUOTED_FOR_TARGET_2 = "'HAVE_CONFIG_H'";
				GCC_PREPROCESSOR_DEFINITIONS_QUOTED_FOR_TARGET_3 = "'QT3_SUPPORT'";
				GCC_PREPROCESSOR_DEFINITIONS_QUOTED_FOR_TARGET_4 = "'QT_3SUPPORT_LIB'";
				GCC_PREPROCESSOR_DEFINITIONS_QUOTED_FOR_TARGET_5 = "'QT_GUI_LIB'";
				GCC_PREPROCESSOR_DEFINITIONS_QUOTED_FOR_TARGET_6 = "'QT_CORE_LIB'";
				GCC_PREPROCESSOR_DEFINITIONS_QUOTED_FOR_TARGET_7 = "'QT_NO_DEBUG'";
				GCC_SYMBOLS_PRIVATE_EXTERN = NO;
				HEADER_SEARCH_PATHS = (
					"/Users/brainiac/Development/ShowEQ-5.13.1.0",
					"/Users/brainiac/Development/ShowEQ-5.13.1.0/src",
					"/usr/local/Trolltech/Qt-4.4.3/include/Qt3Support",
					"/usr/local/Trolltech/Qt-4.4.3/include",
					"/usr/local/Trolltech/Qt-4.4.3/include/QtGui",
					"/usr/local/Trolltech/Qt-4.4.3/include/QtCore",
				);
				INSTALL_PATH = "";
				LIBRARY_SEARCH_PATHS = "";
				OTHER_CFLAGS = (
					"-DNDEBUG",
					"-F/usr/local/Trolltech/Qt-4.4.3/lib",
					"-L/usr/local/Trolltech/Qt-4.4.3/lib",
					"-F/usr/local/Trolltech/Qt-4.4.3/lib",
					"-L/usr/local/Trolltech/Qt-4.4.3/lib",
				);
				OTHER_CPLUSPLUSFLAGS = (
					"-DNDEBUG",
					"-DQT_NO_DEBUG",
					"-F/usr/local/Trolltech/Qt-4.4.3/lib",
					"-L/usr/local/Trolltech/Qt-4.4.3/lib",
					"-F/usr/local/Trolltech/Qt-4.4.3/lib",
					"-L/usr/local/Trolltech/Qt-4.4.3/lib",
				);
				OTHER_LDFLAGS = (
					"-Wl,-search_paths_first",
					"-headerpad_max_install_names",
					/usr/lib/libz.dylib,
					"-lpcap",
					"-F/usr/local/Trolltech/Qt-4.4.3/lib",
					"-framework",
					Qt3Support,
					"-F/usr/local/Trolltech/Qt-4.4.3/lib",
					"-framework",
					QtGui,
					"-F/usr/local/Trolltech/Qt-4.4.3/lib",
					"-framework",
					QtXml,
					"-F/usr/local/Trolltech/Qt-4.4.3/lib",
					"-framework",
					QtSql,
					"-F/usr/local/Trolltech/Qt-4.4.3/lib",
					"-framework",
					QtNetwork,
					"-F/usr/local/Trolltech/Qt-4.4.3/lib",
					"-framework",
					QtCore,
					"-lpthread",
				);
				OTHER_REZFLAGS = "";
				PREBINDING = NO;
				PRODUCT_NAME = showeq;
				SECTORDER_FLAGS = "";
				SYMROOT = "/Users/brainiac/Development/ShowEQ-5.13.1.0/src";
				USE_HEADERMAP = NO;
				WARNING_CFLAGS = (
					"-Wmost",
					"-Wno-four-char-constants",
					"-Wno-unknown-pragmas",
				);
			};
			name = MinSizeRel;
		};
		1039D301039D301039D30000 /* RelWithDebInfo */ = {
			isa = XCBuildConfiguration;
			buildSettings = {
				EXECUTABLE_PREFIX = "";
				EXECUTABLE_SUFFIX = "";
				GCC_GENERATE_DEBUGGING_SYMBOLS = YES;
				GCC_INLINES_ARE_PRIVATE_EXTERN = NO;
				GCC_OPTIMIZATION_LEVEL = 2;
				GCC_PREPROCESSOR_DEFINITIONS = (
					"$(GCC_PREPROCESSOR_DEFINITIONS_QUOTED_FOR_TARGET_1)",
					"$(GCC_PREPROCESSOR_DEFINITIONS_QUOTED_FOR_TARGET_2)",
					"$(GCC_PREPROCESSOR_DEFINITIONS_QUOTED_FOR_TARGET_3)",
					"$(GCC_PREPROCESSOR_DEFINITIONS_QUOTED_FOR_TARGET_4)",
					"$(GCC_PREPROCESSOR_DEFINITIONS_QUOTED_FOR_TARGET_5)",
					"$(GCC_PREPROCESSOR_DEFINITIONS_QUOTED_FOR_TARGET_6)",
					"$(GCC_PREPROCESSOR_DEFINITIONS_QUOTED_FOR_TARGET_7)",
				);
				GCC_PREPROCESSOR_DEFINITIONS_QUOTED_FOR_TARGET_1 = "'CMAKE_INTDIR=\"$(CONFIGURATION)\"'";
				GCC_PREPROCESSOR_DEFINITIONS_QUOTED_FOR_TARGET_2 = "'HAVE_CONFIG_H'";
				GCC_PREPROCESSOR_DEFINITIONS_QUOTED_FOR_TARGET_3 = "'QT3_SUPPORT'";
				GCC_PREPROCESSOR_DEFINITIONS_QUOTED_FOR_TARGET_4 = "'QT_3SUPPORT_LIB'";
				GCC_PREPROCESSOR_DEFINITIONS_QUOTED_FOR_TARGET_5 = "'QT_GUI_LIB'";
				GCC_PREPROCESSOR_DEFINITIONS_QUOTED_FOR_TARGET_6 = "'QT_CORE_LIB'";
				GCC_PREPROCESSOR_DEFINITIONS_QUOTED_FOR_TARGET_7 = "'QT_NO_DEBUG'";
				GCC_SYMBOLS_PRIVATE_EXTERN = NO;
				HEADER_SEARCH_PATHS = (
					"/Users/brainiac/Development/ShowEQ-5.13.1.0",
					"/Users/brainiac/Development/ShowEQ-5.13.1.0/src",
					"/usr/local/Trolltech/Qt-4.4.3/include/Qt3Support",
					"/usr/local/Trolltech/Qt-4.4.3/include",
					"/usr/local/Trolltech/Qt-4.4.3/include/QtGui",
					"/usr/local/Trolltech/Qt-4.4.3/include/QtCore",
				);
				INSTALL_PATH = "";
				LIBRARY_SEARCH_PATHS = "";
				OTHER_CFLAGS = (
					"-F/usr/local/Trolltech/Qt-4.4.3/lib",
					"-L/usr/local/Trolltech/Qt-4.4.3/lib",
					"-F/usr/local/Trolltech/Qt-4.4.3/lib",
					"-L/usr/local/Trolltech/Qt-4.4.3/lib",
				);
				OTHER_CPLUSPLUSFLAGS = (
					"-DQT_NO_DEBUG",
					"-F/usr/local/Trolltech/Qt-4.4.3/lib",
					"-L/usr/local/Trolltech/Qt-4.4.3/lib",
					"-F/usr/local/Trolltech/Qt-4.4.3/lib",
					"-L/usr/local/Trolltech/Qt-4.4.3/lib",
				);
				OTHER_LDFLAGS = (
					"-Wl,-search_paths_first",
					"-headerpad_max_install_names",
					/usr/lib/libz.dylib,
					"-lpcap",
					"-F/usr/local/Trolltech/Qt-4.4.3/lib",
					"-framework",
					Qt3Support,
					"-F/usr/local/Trolltech/Qt-4.4.3/lib",
					"-framework",
					QtGui,
					"-F/usr/local/Trolltech/Qt-4.4.3/lib",
					"-framework",
					QtXml,
					"-F/usr/local/Trolltech/Qt-4.4.3/lib",
					"-framework",
					QtSql,
					"-F/usr/local/Trolltech/Qt-4.4.3/lib",
					"-framework",
					QtNetwork,
					"-F/usr/local/Trolltech/Qt-4.4.3/lib",
					"-framework",
					QtCore,
					"-lpthread",
				);
				OTHER_REZFLAGS = "";
				PREBINDING = NO;
				PRODUCT_NAME = showeq;
				SECTORDER_FLAGS = "";
				SYMROOT = "/Users/brainiac/Development/ShowEQ-5.13.1.0/src";
				USE_HEADERMAP = NO;
				WARNING_CFLAGS = (
					"-Wmost",
					"-Wno-four-char-constants",
					"-Wno-unknown-pragmas",
				);
			};
			name = RelWithDebInfo;
		};
		6DC2A06DC2A06DC2A0000000 /* Debug */ = {
			isa = XCBuildConfiguration;
			buildSettings = {
			};
			name = Debug;
		};
		6DC4606DC4606DC460000000 /* Release */ = {
			isa = XCBuildConfiguration;
			buildSettings = {
			};
			name = Release;
		};
		6DC6106DC6106DC610000000 /* MinSizeRel */ = {
			isa = XCBuildConfiguration;
			buildSettings = {
			};
			name = MinSizeRel;
		};
		6DC8906DC8906DC890000000 /* RelWithDebInfo */ = {
			isa = XCBuildConfiguration;
			buildSettings = {
			};
			name = RelWithDebInfo;
		};
		6DEBE06DEBE06DEBE0000000 /* Debug */ = {
			isa = XCBuildConfiguration;
			buildSettings = {
				GCC_GENERATE_DEBUGGING_SYMBOLS = NO;
				GCC_INLINES_ARE_PRIVATE_EXTERN = NO;
				GCC_OPTIMIZATION_LEVEL = 0;
				GCC_PREPROCESSOR_DEFINITIONS = "'CMAKE_INTDIR=\"$(CONFIGURATION)\"'";
				GCC_SYMBOLS_PRIVATE_EXTERN = NO;
				HEADER_SEARCH_PATHS = "/usr/local/Trolltech/Qt-4.4.3/include/Qt3Support";
				INSTALL_PATH = "";
				OTHER_CFLAGS = (
					"-F/usr/local/Trolltech/Qt-4.4.3/lib",
					"-L/usr/local/Trolltech/Qt-4.4.3/lib",
				);
				OTHER_LDFLAGS = "";
				OTHER_REZFLAGS = "";
				PREBINDING = NO;
				PRODUCT_NAME = ALL_BUILD;
				SECTORDER_FLAGS = "";
				USE_HEADERMAP = NO;
				WARNING_CFLAGS = (
					"-Wmost",
					"-Wno-four-char-constants",
					"-Wno-unknown-pragmas",
				);
			};
			name = Debug;
		};
		6DF8206DF8206DF820000000 /* Release */ = {
			isa = XCBuildConfiguration;
			buildSettings = {
				GCC_GENERATE_DEBUGGING_SYMBOLS = NO;
				GCC_INLINES_ARE_PRIVATE_EXTERN = NO;
				GCC_OPTIMIZATION_LEVEL = 0;
				GCC_PREPROCESSOR_DEFINITIONS = "'CMAKE_INTDIR=\"$(CONFIGURATION)\"'";
				GCC_SYMBOLS_PRIVATE_EXTERN = NO;
				HEADER_SEARCH_PATHS = "/usr/local/Trolltech/Qt-4.4.3/include/Qt3Support";
				INSTALL_PATH = "";
				OTHER_CFLAGS = (
					"-F/usr/local/Trolltech/Qt-4.4.3/lib",
					"-L/usr/local/Trolltech/Qt-4.4.3/lib",
				);
				OTHER_LDFLAGS = "";
				OTHER_REZFLAGS = "";
				PREBINDING = NO;
				PRODUCT_NAME = ALL_BUILD;
				SECTORDER_FLAGS = "";
				USE_HEADERMAP = NO;
				WARNING_CFLAGS = (
					"-Wmost",
					"-Wno-four-char-constants",
					"-Wno-unknown-pragmas",
				);
			};
			name = Release;
		};
		6E0AD06E0AD06E0AD0000000 /* MinSizeRel */ = {
			isa = XCBuildConfiguration;
			buildSettings = {
				GCC_GENERATE_DEBUGGING_SYMBOLS = NO;
				GCC_INLINES_ARE_PRIVATE_EXTERN = NO;
				GCC_OPTIMIZATION_LEVEL = 0;
				GCC_PREPROCESSOR_DEFINITIONS = "'CMAKE_INTDIR=\"$(CONFIGURATION)\"'";
				GCC_SYMBOLS_PRIVATE_EXTERN = NO;
				HEADER_SEARCH_PATHS = "/usr/local/Trolltech/Qt-4.4.3/include/Qt3Support";
				INSTALL_PATH = "";
				OTHER_CFLAGS = (
					"-F/usr/local/Trolltech/Qt-4.4.3/lib",
					"-L/usr/local/Trolltech/Qt-4.4.3/lib",
				);
				OTHER_LDFLAGS = "";
				OTHER_REZFLAGS = "";
				PREBINDING = NO;
				PRODUCT_NAME = ALL_BUILD;
				SECTORDER_FLAGS = "";
				USE_HEADERMAP = NO;
				WARNING_CFLAGS = (
					"-Wmost",
					"-Wno-four-char-constants",
					"-Wno-unknown-pragmas",
				);
			};
			name = MinSizeRel;
		};
		6E1DA06E1DA06E1DA0000000 /* RelWithDebInfo */ = {
			isa = XCBuildConfiguration;
			buildSettings = {
				GCC_GENERATE_DEBUGGING_SYMBOLS = NO;
				GCC_INLINES_ARE_PRIVATE_EXTERN = NO;
				GCC_OPTIMIZATION_LEVEL = 0;
				GCC_PREPROCESSOR_DEFINITIONS = "'CMAKE_INTDIR=\"$(CONFIGURATION)\"'";
				GCC_SYMBOLS_PRIVATE_EXTERN = NO;
				HEADER_SEARCH_PATHS = "/usr/local/Trolltech/Qt-4.4.3/include/Qt3Support";
				INSTALL_PATH = "";
				OTHER_CFLAGS = (
					"-F/usr/local/Trolltech/Qt-4.4.3/lib",
					"-L/usr/local/Trolltech/Qt-4.4.3/lib",
				);
				OTHER_LDFLAGS = "";
				OTHER_REZFLAGS = "";
				PREBINDING = NO;
				PRODUCT_NAME = ALL_BUILD;
				SECTORDER_FLAGS = "";
				USE_HEADERMAP = NO;
				WARNING_CFLAGS = (
					"-Wmost",
					"-Wno-four-char-constants",
					"-Wno-unknown-pragmas",
				);
			};
			name = RelWithDebInfo;
		};
/* End XCBuildConfiguration section */

/* Begin XCConfigurationList section */
		10359D010359D010359D0000 /* Build configuration list for PBXNativeTarget "showeq" */ = {
			isa = XCConfigurationList;
			buildConfigurations = (
				10362B010362B010362B0000 /* Debug */,
				103653010365301036530000 /* Release */,
				103926010392601039260000 /* MinSizeRel */,
				1039D301039D301039D30000 /* RelWithDebInfo */,
			);
			defaultConfigurationIsVisible = 0;
			defaultConfigurationName = Debug;
		};
		6DC1C06DC1C06DC1C0000000 /* Build configuration list for PBXProject "showeq" */ = {
			isa = XCConfigurationList;
			buildConfigurations = (
				6DC2A06DC2A06DC2A0000000 /* Debug */,
				6DC4606DC4606DC460000000 /* Release */,
				6DC6106DC6106DC610000000 /* MinSizeRel */,
				6DC8906DC8906DC890000000 /* RelWithDebInfo */,
			);
			defaultConfigurationIsVisible = 0;
			defaultConfigurationName = Debug;
		};
		6DE8A06DE8A06DE8A0000000 /* Build configuration list for PBXAggregateTarget "ALL_BUILD" */ = {
			isa = XCConfigurationList;
			buildConfigurations = (
				6DEBE06DEBE06DEBE0000000 /* Debug */,
				6DF8206DF8206DF820000000 /* Release */,
				6E0AD06E0AD06E0AD0000000 /* MinSizeRel */,
				6E1DA06E1DA06E1DA0000000 /* RelWithDebInfo */,
			);
			defaultConfigurationIsVisible = 0;
			defaultConfigurationName = Debug;
		};
/* End XCConfigurationList section */
	};
	rootObject = 6D41806D41806D4180000000 /* Project object */;
}
