<?xml version="1.0" encoding="utf-8"?>
<Project ToolsVersion="4.0" xmlns="http://schemas.microsoft.com/developer/msbuild/2003">
  <ItemGroup>
    <Filter Include="Source Files">
      <UniqueIdentifier>{4FC737F1-C7A5-4376-A066-2A32D752A2FF}</UniqueIdentifier>
      <Extensions>cpp;c;cxx;def;odl;idl;hpj;bat;asm;asmx</Extensions>
    </Filter>
    <Filter Include="Source Files\Gui">
      <UniqueIdentifier>{26b6561d-202e-4a40-9b5f-8d6378aea3dd}</UniqueIdentifier>
    </Filter>
    <Filter Include="Source Files\Network">
      <UniqueIdentifier>{291db89f-336f-4d7d-ae95-41bdb85626a9}</UniqueIdentifier>
    </Filter>
    <Filter Include="Source Files\Loggers">
      <UniqueIdentifier>{ef2585f0-ea54-4b17-b3db-b068613d0547}</UniqueIdentifier>
    </Filter>
    <Filter Include="Header Files">
      <UniqueIdentifier>{93995380-89BD-4b04-88EB-625FBE52EBFB}</UniqueIdentifier>
      <Extensions>h;hpp;hxx;hm;inl;inc;xsd</Extensions>
    </Filter>
    <Filter Include="Header Files\Data Headers">
      <UniqueIdentifier>{3c7444ec-72d6-4a9b-813c-a64bcadd714f}</UniqueIdentifier>
    </Filter>
    <Filter Include="Header Files\Gui">
      <UniqueIdentifier>{16f52400-85b2-4dd5-97e7-412bbee988e8}</UniqueIdentifier>
    </Filter>
    <Filter Include="Header Files\Loggers">
      <UniqueIdentifier>{4155394b-52e6-4693-846c-8429b6af641a}</UniqueIdentifier>
    </Filter>
    <Filter Include="Header Files\Network">
      <UniqueIdentifier>{1ce11801-60d0-4375-b4fb-c338b9ed9690}</UniqueIdentifier>
    </Filter>
    <Filter Include="Generated Files">
      <UniqueIdentifier>{71ED8ED8-ACB9-4CE9-BBE1-E00B30144E11}</UniqueIdentifier>
      <Extensions>cpp;c;cxx;moc;h;def;odl;idl;res;</Extensions>
    </Filter>
    <Filter Include="Generated Files\Debug">
      <UniqueIdentifier>{14377a89-2d41-4a68-bcdc-b265e2803e63}</UniqueIdentifier>
      <Extensions>cpp;moc</Extensions>
      <SourceControlFiles>False</SourceControlFiles>
    </Filter>
    <Filter Include="Generated Files\Release">
      <UniqueIdentifier>{6e5f8d0a-2b22-4cdc-a3ea-7582dbcb3d96}</UniqueIdentifier>
      <Extensions>cpp;moc</Extensions>
      <SourceControlFiles>False</SourceControlFiles>
    </Filter>
    <Filter Include="Form Files">
      <UniqueIdentifier>{99349809-55BA-4b9d-BF79-8FDBB0286EB3}</UniqueIdentifier>
      <Extensions>ui</Extensions>
      <ParseFiles>false</ParseFiles>
    </Filter>
    <Filter Include="Configuration">
      <UniqueIdentifier>{b95849df-296d-4108-8dd1-67f0da52de0f}</UniqueIdentifier>
    </Filter>
    <Filter Include="Contrib">
      <UniqueIdentifier>{e0c9cc3e-ce30-4669-a9c7-da8524c49e52}</UniqueIdentifier>
    </Filter>
    <Filter Include="Contrib\Header Files">
      <UniqueIdentifier>{f3b5d66b-9dcd-45a4-9837-b1a9754fb822}</UniqueIdentifier>
    </Filter>
    <Filter Include="Contrib\Source Files">
      <UniqueIdentifier>{343c72a3-82be-4712-a1c3-55dfff8163f3}</UniqueIdentifier>
    </Filter>
    <Filter Include="Generated Files\Template">
      <UniqueIdentifier>{48f38ce4-a361-4e53-b9e6-c155e1e2aa09}</UniqueIdentifier>
      <Extensions>cpp;moc</Extensions>
      <SourceControlFiles>False</SourceControlFiles>
    </Filter>
  </ItemGroup>
  <ItemGroup>
    <ClCompile Include="category.cpp">
      <Filter>Source Files</Filter>
    </ClCompile>
    <ClCompile Include="datalocationmgr.cpp">
      <Filter>Source Files</Filter>
    </ClCompile>
    <ClCompile Include="datetimemgr.cpp">
      <Filter>Source Files</Filter>
    </ClCompile>
    <ClCompile Include="diagnosticmessages.cpp">
      <Filter>Source Files</Filter>
    </ClCompile>
    <ClCompile Include="eqstr.cpp">
      <Filter>Source Files</Filter>
    </ClCompile>
    <ClCompile Include="filter.cpp">
      <Filter>Source Files</Filter>
    </ClCompile>
    <ClCompile Include="filteredspawnmodel.cpp">
      <Filter>Source Files</Filter>
    </ClCompile>
    <ClCompile Include="filtermgr.cpp">
      <Filter>Source Files</Filter>
    </ClCompile>
    <ClCompile Include="filternotifications.cpp">
      <Filter>Source Files</Filter>
    </ClCompile>
    <ClCompile Include="group.cpp">
      <Filter>Source Files</Filter>
    </ClCompile>
    <ClCompile Include="guild.cpp">
      <Filter>Source Files</Filter>
    </ClCompile>
    <ClCompile Include="guildshell.cpp">
      <Filter>Source Files</Filter>
    </ClCompile>
    <ClCompile Include="main.cpp">
      <Filter>Source Files</Filter>
    </ClCompile>
    <ClCompile Include="mapcore.cpp">
      <Filter>Source Files</Filter>
    </ClCompile>
    <ClCompile Include="message.cpp">
      <Filter>Source Files</Filter>
    </ClCompile>
    <ClCompile Include="messagefilter.cpp">
      <Filter>Source Files</Filter>
    </ClCompile>
    <ClCompile Include="messages.cpp">
      <Filter>Source Files</Filter>
    </ClCompile>
    <ClCompile Include="messageshell.cpp">
      <Filter>Source Files</Filter>
    </ClCompile>
    <ClCompile Include="pch.cpp">
      <Filter>Source Files</Filter>
    </ClCompile>
    <ClCompile Include="player.cpp">
      <Filter>Source Files</Filter>
    </ClCompile>
    <ClCompile Include="session.cpp">
      <Filter>Source Files</Filter>
    </ClCompile>
    <ClCompile Include="spawn.cpp">
      <Filter>Source Files</Filter>
    </ClCompile>
    <ClCompile Include="spawnmodel.cpp">
      <Filter>Source Files</Filter>
    </ClCompile>
    <ClCompile Include="spawnmonitor.cpp">
      <Filter>Source Files</Filter>
    </ClCompile>
    <ClCompile Include="spawnshell.cpp">
      <Filter>Source Files</Filter>
    </ClCompile>
    <ClCompile Include="spells.cpp">
      <Filter>Source Files</Filter>
    </ClCompile>
    <ClCompile Include="spellshell.cpp">
      <Filter>Source Files</Filter>
    </ClCompile>
    <ClCompile Include="terminal.cpp">
      <Filter>Source Files</Filter>
    </ClCompile>
    <ClCompile Include="util.cpp">
      <Filter>Source Files</Filter>
    </ClCompile>
    <ClCompile Include="xmlconv.cpp">
      <Filter>Source Files</Filter>
    </ClCompile>
    <ClCompile Include="xmlpreferences.cpp">
      <Filter>Source Files</Filter>
    </ClCompile>
    <ClCompile Include="zonemgr.cpp">
      <Filter>Source Files</Filter>
    </ClCompile>
    <ClCompile Include="categorydialog.cpp">
      <Filter>Source Files\Gui</Filter>
    </ClCompile>
    <ClCompile Include="combatlog.cpp">
      <Filter>Source Files\Gui</Filter>
    </ClCompile>
    <ClCompile Include="compass.cpp">
      <Filter>Source Files\Gui</Filter>
    </ClCompile>
    <ClCompile Include="compassframe.cpp">
      <Filter>Source Files\Gui</Filter>
    </ClCompile>
    <ClCompile Include="editor.cpp">
      <Filter>Source Files\Gui</Filter>
    </ClCompile>
    <ClCompile Include="experiencelog.cpp">
      <Filter>Source Files\Gui</Filter>
    </ClCompile>
    <ClCompile Include="guildlist.cpp">
      <Filter>Source Files\Gui</Filter>
    </ClCompile>
    <ClCompile Include="interface.cpp">
      <Filter>Source Files\Gui</Filter>
    </ClCompile>
    <ClCompile Include="map.cpp">
      <Filter>Source Files\Gui</Filter>
    </ClCompile>
    <ClCompile Include="mapicon.cpp">
      <Filter>Source Files\Gui</Filter>
    </ClCompile>
    <ClCompile Include="mapicondialog.cpp">
      <Filter>Source Files\Gui</Filter>
    </ClCompile>
    <ClCompile Include="messagefilterdialog.cpp">
      <Filter>Source Files\Gui</Filter>
    </ClCompile>
    <ClCompile Include="messagewindow.cpp">
      <Filter>Source Files\Gui</Filter>
    </ClCompile>
    <ClCompile Include="seqlistview.cpp">
      <Filter>Source Files\Gui</Filter>
    </ClCompile>
    <ClCompile Include="seqwindow.cpp">
      <Filter>Source Files\Gui</Filter>
    </ClCompile>
    <ClCompile Include="skilllist.cpp">
      <Filter>Source Files\Gui</Filter>
    </ClCompile>
    <ClCompile Include="spawnlist.cpp">
      <Filter>Source Files\Gui</Filter>
    </ClCompile>
    <ClCompile Include="spawnlist2.cpp">
      <Filter>Source Files\Gui</Filter>
    </ClCompile>
    <ClCompile Include="spawnlist3.cpp">
      <Filter>Source Files\Gui</Filter>
    </ClCompile>
    <ClCompile Include="spawnlistcommon.cpp">
      <Filter>Source Files\Gui</Filter>
    </ClCompile>
    <ClCompile Include="spawnpointlist.cpp">
      <Filter>Source Files\Gui</Filter>
    </ClCompile>
    <ClCompile Include="spelllist.cpp">
      <Filter>Source Files\Gui</Filter>
    </ClCompile>
    <ClCompile Include="statlist.cpp">
      <Filter>Source Files\Gui</Filter>
    </ClCompile>
    <ClCompile Include="datasource.cpp">
      <Filter>Source Files\Network</Filter>
    </ClCompile>
    <ClCompile Include="netstream.cpp">
      <Filter>Source Files\Network</Filter>
    </ClCompile>
    <ClCompile Include="packet.cpp">
      <Filter>Source Files\Network</Filter>
    </ClCompile>
    <ClCompile Include="packetinfo.cpp">
      <Filter>Source Files\Network</Filter>
    </ClCompile>
    <ClCompile Include="remotepacket.cpp">
      <Filter>Source Files\Network</Filter>
    </ClCompile>
    <ClCompile Include="bazaarlog.cpp">
      <Filter>Source Files\Loggers</Filter>
    </ClCompile>
    <ClCompile Include="filteredspawnlog.cpp">
      <Filter>Source Files\Loggers</Filter>
    </ClCompile>
    <ClCompile Include="logger.cpp">
      <Filter>Source Files\Loggers</Filter>
    </ClCompile>
    <ClCompile Include="spawnlog.cpp">
      <Filter>Source Files\Loggers</Filter>
    </ClCompile>
    <ClCompile Include="GeneratedFiles\Debug\moc_bazaarlog.cpp">
      <Filter>Generated Files\Debug</Filter>
    </ClCompile>
    <ClCompile Include="GeneratedFiles\Debug\moc_category.cpp">
      <Filter>Generated Files\Debug</Filter>
    </ClCompile>
    <ClCompile Include="GeneratedFiles\Debug\moc_categorydialog.cpp">
      <Filter>Generated Files\Debug</Filter>
    </ClCompile>
    <ClCompile Include="GeneratedFiles\Debug\moc_combatlog.cpp">
      <Filter>Generated Files\Debug</Filter>
    </ClCompile>
    <ClCompile Include="GeneratedFiles\Debug\moc_compass.cpp">
      <Filter>Generated Files\Debug</Filter>
    </ClCompile>
    <ClCompile Include="GeneratedFiles\Debug\moc_compassframe.cpp">
      <Filter>Generated Files\Debug</Filter>
    </ClCompile>
    <ClCompile Include="GeneratedFiles\Debug\moc_datasource.cpp">
      <Filter>Generated Files\Debug</Filter>
    </ClCompile>
    <ClCompile Include="GeneratedFiles\Debug\moc_datetimemgr.cpp">
      <Filter>Generated Files\Debug</Filter>
    </ClCompile>
    <ClCompile Include="GeneratedFiles\Debug\moc_editor.cpp">
      <Filter>Generated Files\Debug</Filter>
    </ClCompile>
    <ClCompile Include="GeneratedFiles\Debug\moc_experiencelog.cpp">
      <Filter>Generated Files\Debug</Filter>
    </ClCompile>
    <ClCompile Include="GeneratedFiles\Debug\moc_filteredspawnlog.cpp">
      <Filter>Generated Files\Debug</Filter>
    </ClCompile>
    <ClCompile Include="GeneratedFiles\Debug\moc_filteredspawnmodel.cpp">
      <Filter>Generated Files\Debug</Filter>
    </ClCompile>
    <ClCompile Include="GeneratedFiles\Debug\moc_filtermgr.cpp">
      <Filter>Generated Files\Debug</Filter>
    </ClCompile>
    <ClCompile Include="GeneratedFiles\Debug\moc_filternotifications.cpp">
      <Filter>Generated Files\Debug</Filter>
    </ClCompile>
    <ClCompile Include="GeneratedFiles\Debug\moc_group.cpp">
      <Filter>Generated Files\Debug</Filter>
    </ClCompile>
    <ClCompile Include="GeneratedFiles\Debug\moc_guild.cpp">
      <Filter>Generated Files\Debug</Filter>
    </ClCompile>
    <ClCompile Include="GeneratedFiles\Debug\moc_guildlist.cpp">
      <Filter>Generated Files\Debug</Filter>
    </ClCompile>
    <ClCompile Include="GeneratedFiles\Debug\moc_guildshell.cpp">
      <Filter>Generated Files\Debug</Filter>
    </ClCompile>
    <ClCompile Include="GeneratedFiles\Debug\moc_interface.cpp">
      <Filter>Generated Files\Debug</Filter>
    </ClCompile>
    <ClCompile Include="GeneratedFiles\Debug\moc_logger.cpp">
      <Filter>Generated Files\Debug</Filter>
    </ClCompile>
    <ClCompile Include="GeneratedFiles\Debug\moc_map.cpp">
      <Filter>Generated Files\Debug</Filter>
    </ClCompile>
    <ClCompile Include="GeneratedFiles\Debug\moc_mapicon.cpp">
      <Filter>Generated Files\Debug</Filter>
    </ClCompile>
    <ClCompile Include="GeneratedFiles\Debug\moc_mapicondialog.cpp">
      <Filter>Generated Files\Debug</Filter>
    </ClCompile>
    <ClCompile Include="GeneratedFiles\Debug\moc_messagefilter.cpp">
      <Filter>Generated Files\Debug</Filter>
    </ClCompile>
    <ClCompile Include="GeneratedFiles\Debug\moc_messagefilterdialog.cpp">
      <Filter>Generated Files\Debug</Filter>
    </ClCompile>
    <ClCompile Include="GeneratedFiles\Debug\moc_messages.cpp">
      <Filter>Generated Files\Debug</Filter>
    </ClCompile>
    <ClCompile Include="GeneratedFiles\Debug\moc_messageshell.cpp">
      <Filter>Generated Files\Debug</Filter>
    </ClCompile>
    <ClCompile Include="GeneratedFiles\Debug\moc_messagewindow.cpp">
      <Filter>Generated Files\Debug</Filter>
    </ClCompile>
    <ClCompile Include="GeneratedFiles\Debug\moc_packet.cpp">
      <Filter>Generated Files\Debug</Filter>
    </ClCompile>
    <ClCompile Include="GeneratedFiles\Debug\moc_packetinfo.cpp">
      <Filter>Generated Files\Debug</Filter>
    </ClCompile>
    <ClCompile Include="GeneratedFiles\Debug\moc_player.cpp">
      <Filter>Generated Files\Debug</Filter>
    </ClCompile>
    <ClCompile Include="GeneratedFiles\Debug\moc_qtcolorpicker.cpp">
      <Filter>Generated Files\Debug</Filter>
    </ClCompile>
    <ClCompile Include="GeneratedFiles\Debug\moc_remotepacket.cpp">
      <Filter>Generated Files\Debug</Filter>
    </ClCompile>
    <ClCompile Include="GeneratedFiles\Debug\moc_seqlistview.cpp">
      <Filter>Generated Files\Debug</Filter>
    </ClCompile>
    <ClCompile Include="GeneratedFiles\Debug\moc_seqwindow.cpp">
      <Filter>Generated Files\Debug</Filter>
    </ClCompile>
    <ClCompile Include="GeneratedFiles\Debug\moc_session.cpp">
      <Filter>Generated Files\Debug</Filter>
    </ClCompile>
    <ClCompile Include="GeneratedFiles\Debug\moc_skilllist.cpp">
      <Filter>Generated Files\Debug</Filter>
    </ClCompile>
    <ClCompile Include="GeneratedFiles\Debug\moc_spawnlist.cpp">
      <Filter>Generated Files\Debug</Filter>
    </ClCompile>
    <ClCompile Include="GeneratedFiles\Debug\moc_spawnlist2.cpp">
      <Filter>Generated Files\Debug</Filter>
    </ClCompile>
    <ClCompile Include="GeneratedFiles\Debug\moc_spawnlist3.cpp">
      <Filter>Generated Files\Debug</Filter>
    </ClCompile>
    <ClCompile Include="GeneratedFiles\Debug\moc_spawnlistcommon.cpp">
      <Filter>Generated Files\Debug</Filter>
    </ClCompile>
    <ClCompile Include="GeneratedFiles\Debug\moc_spawnlog.cpp">
      <Filter>Generated Files\Debug</Filter>
    </ClCompile>
    <ClCompile Include="GeneratedFiles\Debug\moc_spawnmodel.cpp">
      <Filter>Generated Files\Debug</Filter>
    </ClCompile>
    <ClCompile Include="GeneratedFiles\Debug\moc_spawnmonitor.cpp">
      <Filter>Generated Files\Debug</Filter>
    </ClCompile>
    <ClCompile Include="GeneratedFiles\Debug\moc_spawnpointlist.cpp">
      <Filter>Generated Files\Debug</Filter>
    </ClCompile>
    <ClCompile Include="GeneratedFiles\Debug\moc_spawnshell.cpp">
      <Filter>Generated Files\Debug</Filter>
    </ClCompile>
    <ClCompile Include="GeneratedFiles\Debug\moc_spelllist.cpp">
      <Filter>Generated Files\Debug</Filter>
    </ClCompile>
    <ClCompile Include="GeneratedFiles\Debug\moc_spellshell.cpp">
      <Filter>Generated Files\Debug</Filter>
    </ClCompile>
    <ClCompile Include="GeneratedFiles\Debug\moc_statlist.cpp">
      <Filter>Generated Files\Debug</Filter>
    </ClCompile>
    <ClCompile Include="GeneratedFiles\Debug\moc_terminal.cpp">
      <Filter>Generated Files\Debug</Filter>
    </ClCompile>
    <ClCompile Include="GeneratedFiles\Debug\moc_xmlpreferences.cpp">
      <Filter>Generated Files\Debug</Filter>
    </ClCompile>
    <ClCompile Include="GeneratedFiles\Debug\moc_zonemgr.cpp">
      <Filter>Generated Files\Debug</Filter>
    </ClCompile>
    <ClCompile Include="GeneratedFiles\Release\moc_bazaarlog.cpp">
      <Filter>Generated Files\Release</Filter>
    </ClCompile>
    <ClCompile Include="GeneratedFiles\Release\moc_category.cpp">
      <Filter>Generated Files\Release</Filter>
    </ClCompile>
    <ClCompile Include="GeneratedFiles\Release\moc_categorydialog.cpp">
      <Filter>Generated Files\Release</Filter>
    </ClCompile>
    <ClCompile Include="GeneratedFiles\Release\moc_combatlog.cpp">
      <Filter>Generated Files\Release</Filter>
    </ClCompile>
    <ClCompile Include="GeneratedFiles\Release\moc_compass.cpp">
      <Filter>Generated Files\Release</Filter>
    </ClCompile>
    <ClCompile Include="GeneratedFiles\Release\moc_compassframe.cpp">
      <Filter>Generated Files\Release</Filter>
    </ClCompile>
    <ClCompile Include="GeneratedFiles\Release\moc_datasource.cpp">
      <Filter>Generated Files\Release</Filter>
    </ClCompile>
    <ClCompile Include="GeneratedFiles\Release\moc_datetimemgr.cpp">
      <Filter>Generated Files\Release</Filter>
    </ClCompile>
    <ClCompile Include="GeneratedFiles\Release\moc_editor.cpp">
      <Filter>Generated Files\Release</Filter>
    </ClCompile>
    <ClCompile Include="GeneratedFiles\Release\moc_experiencelog.cpp">
      <Filter>Generated Files\Release</Filter>
    </ClCompile>
    <ClCompile Include="GeneratedFiles\Release\moc_filteredspawnlog.cpp">
      <Filter>Generated Files\Release</Filter>
    </ClCompile>
    <ClCompile Include="GeneratedFiles\Release\moc_filteredspawnmodel.cpp">
      <Filter>Generated Files\Release</Filter>
    </ClCompile>
    <ClCompile Include="GeneratedFiles\Release\moc_filtermgr.cpp">
      <Filter>Generated Files\Release</Filter>
    </ClCompile>
    <ClCompile Include="GeneratedFiles\Release\moc_filternotifications.cpp">
      <Filter>Generated Files\Release</Filter>
    </ClCompile>
    <ClCompile Include="GeneratedFiles\Release\moc_group.cpp">
      <Filter>Generated Files\Release</Filter>
    </ClCompile>
    <ClCompile Include="GeneratedFiles\Release\moc_guild.cpp">
      <Filter>Generated Files\Release</Filter>
    </ClCompile>
    <ClCompile Include="GeneratedFiles\Release\moc_guildlist.cpp">
      <Filter>Generated Files\Release</Filter>
    </ClCompile>
    <ClCompile Include="GeneratedFiles\Release\moc_guildshell.cpp">
      <Filter>Generated Files\Release</Filter>
    </ClCompile>
    <ClCompile Include="GeneratedFiles\Release\moc_interface.cpp">
      <Filter>Generated Files\Release</Filter>
    </ClCompile>
    <ClCompile Include="GeneratedFiles\Release\moc_logger.cpp">
      <Filter>Generated Files\Release</Filter>
    </ClCompile>
    <ClCompile Include="GeneratedFiles\Release\moc_map.cpp">
      <Filter>Generated Files\Release</Filter>
    </ClCompile>
    <ClCompile Include="GeneratedFiles\Release\moc_mapicon.cpp">
      <Filter>Generated Files\Release</Filter>
    </ClCompile>
    <ClCompile Include="GeneratedFiles\Release\moc_mapicondialog.cpp">
      <Filter>Generated Files\Release</Filter>
    </ClCompile>
    <ClCompile Include="GeneratedFiles\Release\moc_messagefilter.cpp">
      <Filter>Generated Files\Release</Filter>
    </ClCompile>
    <ClCompile Include="GeneratedFiles\Release\moc_messagefilterdialog.cpp">
      <Filter>Generated Files\Release</Filter>
    </ClCompile>
    <ClCompile Include="GeneratedFiles\Release\moc_messages.cpp">
      <Filter>Generated Files\Release</Filter>
    </ClCompile>
    <ClCompile Include="GeneratedFiles\Release\moc_messageshell.cpp">
      <Filter>Generated Files\Release</Filter>
    </ClCompile>
    <ClCompile Include="GeneratedFiles\Release\moc_messagewindow.cpp">
      <Filter>Generated Files\Release</Filter>
    </ClCompile>
    <ClCompile Include="GeneratedFiles\Release\moc_packet.cpp">
      <Filter>Generated Files\Release</Filter>
    </ClCompile>
    <ClCompile Include="GeneratedFiles\Release\moc_packetinfo.cpp">
      <Filter>Generated Files\Release</Filter>
    </ClCompile>
    <ClCompile Include="GeneratedFiles\Release\moc_player.cpp">
      <Filter>Generated Files\Release</Filter>
    </ClCompile>
    <ClCompile Include="GeneratedFiles\Release\moc_qtcolorpicker.cpp">
      <Filter>Generated Files\Release</Filter>
    </ClCompile>
    <ClCompile Include="GeneratedFiles\Release\moc_remotepacket.cpp">
      <Filter>Generated Files\Release</Filter>
    </ClCompile>
    <ClCompile Include="GeneratedFiles\Release\moc_seqlistview.cpp">
      <Filter>Generated Files\Release</Filter>
    </ClCompile>
    <ClCompile Include="GeneratedFiles\Release\moc_seqwindow.cpp">
      <Filter>Generated Files\Release</Filter>
    </ClCompile>
    <ClCompile Include="GeneratedFiles\Release\moc_session.cpp">
      <Filter>Generated Files\Release</Filter>
    </ClCompile>
    <ClCompile Include="GeneratedFiles\Release\moc_skilllist.cpp">
      <Filter>Generated Files\Release</Filter>
    </ClCompile>
    <ClCompile Include="GeneratedFiles\Release\moc_spawnlist.cpp">
      <Filter>Generated Files\Release</Filter>
    </ClCompile>
    <ClCompile Include="GeneratedFiles\Release\moc_spawnlist2.cpp">
      <Filter>Generated Files\Release</Filter>
    </ClCompile>
    <ClCompile Include="GeneratedFiles\Release\moc_spawnlist3.cpp">
      <Filter>Generated Files\Release</Filter>
    </ClCompile>
    <ClCompile Include="GeneratedFiles\Release\moc_spawnlistcommon.cpp">
      <Filter>Generated Files\Release</Filter>
    </ClCompile>
    <ClCompile Include="GeneratedFiles\Release\moc_spawnlog.cpp">
      <Filter>Generated Files\Release</Filter>
    </ClCompile>
    <ClCompile Include="GeneratedFiles\Release\moc_spawnmodel.cpp">
      <Filter>Generated Files\Release</Filter>
    </ClCompile>
    <ClCompile Include="GeneratedFiles\Release\moc_spawnmonitor.cpp">
      <Filter>Generated Files\Release</Filter>
    </ClCompile>
    <ClCompile Include="GeneratedFiles\Release\moc_spawnpointlist.cpp">
      <Filter>Generated Files\Release</Filter>
    </ClCompile>
    <ClCompile Include="GeneratedFiles\Release\moc_spawnshell.cpp">
      <Filter>Generated Files\Release</Filter>
    </ClCompile>
    <ClCompile Include="GeneratedFiles\Release\moc_spelllist.cpp">
      <Filter>Generated Files\Release</Filter>
    </ClCompile>
    <ClCompile Include="GeneratedFiles\Release\moc_spellshell.cpp">
      <Filter>Generated Files\Release</Filter>
    </ClCompile>
    <ClCompile Include="GeneratedFiles\Release\moc_statlist.cpp">
      <Filter>Generated Files\Release</Filter>
    </ClCompile>
    <ClCompile Include="GeneratedFiles\Release\moc_terminal.cpp">
      <Filter>Generated Files\Release</Filter>
    </ClCompile>
    <ClCompile Include="GeneratedFiles\Release\moc_xmlpreferences.cpp">
      <Filter>Generated Files\Release</Filter>
    </ClCompile>
    <ClCompile Include="GeneratedFiles\Release\moc_zonemgr.cpp">
      <Filter>Generated Files\Release</Filter>
    </ClCompile>
    <ClCompile Include="..\contrib\qtcolorpicker\qtcolorpicker.cpp">
      <Filter>Contrib\Source Files</Filter>
    </ClCompile>
    <ClCompile Include="spawnlistview.cpp">
      <Filter>Source Files</Filter>
    </ClCompile>
    <ClCompile Include="GeneratedFiles\Debug\moc_spawnlistview.cpp">
      <Filter>Generated Files\Debug</Filter>
    </ClCompile>
    <ClCompile Include="GeneratedFiles\Release\moc_spawnlistview.cpp">
      <Filter>Generated Files\Release</Filter>
    </ClCompile>
    <ClCompile Include="GeneratedFiles\Template\moc_spawnlistview.cpp">
      <Filter>Generated Files\Template</Filter>
    </ClCompile>
  </ItemGroup>
  <ItemGroup>
    <ClInclude Include="pch.h">
      <Filter>Header Files</Filter>
    </ClInclude>
    <ClInclude Include="weapons2d.h">
      <Filter>Header Files\Data Headers</Filter>
    </ClInclude>
    <ClInclude Include="GeneratedFiles\ui_categorydialog.h">
      <Filter>Generated Files</Filter>
    </ClInclude>
    <ClInclude Include="GeneratedFiles\ui_connectionframe.h">
      <Filter>Generated Files</Filter>
    </ClInclude>
    <ClInclude Include="GeneratedFiles\ui_mainwindow.h">
      <Filter>Generated Files</Filter>
    </ClInclude>
    <ClInclude Include="GeneratedFiles\ui_mapicondialog.h">
      <Filter>Generated Files</Filter>
    </ClInclude>
    <ClInclude Include="GeneratedFiles\ui_spawnlist3.h">
      <Filter>Generated Files</Filter>
    </ClInclude>
    <ClInclude Include="GeneratedFiles\ui_spawnlistview.h">
      <Filter>Generated Files</Filter>
    </ClInclude>
  </ItemGroup>
  <ItemGroup>
    <None Include="..\conf\seqdef.xml">
      <Filter>Configuration</Filter>
    </None>
    <None Include="..\conf\seqopcodes.dtd">
      <Filter>Configuration</Filter>
    </None>
    <None Include="..\conf\seqpref.dtd">
      <Filter>Configuration</Filter>
    </None>
    <None Include="..\conf\worldopcodes.xml">
      <Filter>Configuration</Filter>
    </None>
    <None Include="..\conf\zoneopcodes.xml">
      <Filter>Configuration</Filter>
    </None>
  </ItemGroup>
  <ItemGroup>
    <CustomBuild Include="category.h">
      <Filter>Header Files</Filter>
    </CustomBuild>
    <CustomBuild Include="categorydialog.h">
      <Filter>Header Files</Filter>
    </CustomBuild>
    <CustomBuild Include="..\config.h">
      <Filter>Header Files</Filter>
    </CustomBuild>
    <CustomBuild Include="datalocationmgr.h">
      <Filter>Header Files</Filter>
    </CustomBuild>
    <CustomBuild Include="datetimemgr.h">
      <Filter>Header Files</Filter>
    </CustomBuild>
    <CustomBuild Include="diagnosticmessages.h">
      <Filter>Header Files</Filter>
    </CustomBuild>
    <CustomBuild Include="eqstr.h">
      <Filter>Header Files</Filter>
    </CustomBuild>
    <CustomBuild Include="everquest.h">
      <Filter>Header Files</Filter>
    </CustomBuild>
    <CustomBuild Include="filter.h">
      <Filter>Header Files</Filter>
    </CustomBuild>
    <CustomBuild Include="filteredspawnmodel.h">
      <Filter>Header Files</Filter>
    </CustomBuild>
    <CustomBuild Include="filtermgr.h">
      <Filter>Header Files</Filter>
    </CustomBuild>
    <CustomBuild Include="filternotifications.h">
      <Filter>Header Files</Filter>
    </CustomBuild>
    <CustomBuild Include="fixpt.h">
      <Filter>Header Files</Filter>
    </CustomBuild>
    <CustomBuild Include="group.h">
      <Filter>Header Files</Filter>
    </CustomBuild>
    <CustomBuild Include="guild.h">
      <Filter>Header Files</Filter>
    </CustomBuild>
    <CustomBuild Include="guildshell.h">
      <Filter>Header Files</Filter>
    </CustomBuild>
    <CustomBuild Include="main.h">
      <Filter>Header Files</Filter>
    </CustomBuild>
    <CustomBuild Include="mapcore.h">
      <Filter>Header Files</Filter>
    </CustomBuild>
    <CustomBuild Include="mapicon.h">
      <Filter>Header Files</Filter>
    </CustomBuild>
    <CustomBuild Include="message.h">
      <Filter>Header Files</Filter>
    </CustomBuild>
    <CustomBuild Include="messagefilter.h">
      <Filter>Header Files</Filter>
    </CustomBuild>
    <CustomBuild Include="messages.h">
      <Filter>Header Files</Filter>
    </CustomBuild>
    <CustomBuild Include="messageshell.h">
      <Filter>Header Files</Filter>
    </CustomBuild>
    <CustomBuild Include="player.h">
      <Filter>Header Files</Filter>
    </CustomBuild>
    <CustomBuild Include="point.h">
      <Filter>Header Files</Filter>
    </CustomBuild>
    <CustomBuild Include="pointarray.h">
      <Filter>Header Files</Filter>
    </CustomBuild>
    <CustomBuild Include="s_everquest.h">
      <Filter>Header Files</Filter>
    </CustomBuild>
    <CustomBuild Include="session.h">
      <Filter>Header Files</Filter>
    </CustomBuild>
    <CustomBuild Include="spawn.h">
      <Filter>Header Files</Filter>
    </CustomBuild>
    <CustomBuild Include="spawnmodel.h">
      <Filter>Header Files</Filter>
    </CustomBuild>
    <CustomBuild Include="spawnmonitor.h">
      <Filter>Header Files</Filter>
    </CustomBuild>
    <CustomBuild Include="spawnshell.h">
      <Filter>Header Files</Filter>
    </CustomBuild>
    <CustomBuild Include="spells.h">
      <Filter>Header Files</Filter>
    </CustomBuild>
    <CustomBuild Include="spellshell.h">
      <Filter>Header Files</Filter>
    </CustomBuild>
    <CustomBuild Include="terminal.h">
      <Filter>Header Files</Filter>
    </CustomBuild>
    <CustomBuild Include="util.h">
      <Filter>Header Files</Filter>
    </CustomBuild>
    <CustomBuild Include="xmlconv.h">
      <Filter>Header Files</Filter>
    </CustomBuild>
    <CustomBuild Include="xmlpreferences.h">
      <Filter>Header Files</Filter>
    </CustomBuild>
    <CustomBuild Include="zonemgr.h">
      <Filter>Header Files</Filter>
    </CustomBuild>
    <CustomBuild Include="classes.h">
      <Filter>Header Files\Data Headers</Filter>
    </CustomBuild>
    <CustomBuild Include="crctab.h">
      <Filter>Header Files\Data Headers</Filter>
    </CustomBuild>
    <CustomBuild Include="deity.h">
      <Filter>Header Files\Data Headers</Filter>
    </CustomBuild>
    <CustomBuild Include="languages.h">
      <Filter>Header Files\Data Headers</Filter>
    </CustomBuild>
    <CustomBuild Include="races.h">
      <Filter>Header Files\Data Headers</Filter>
    </CustomBuild>
    <CustomBuild Include="skills.h">
      <Filter>Header Files\Data Headers</Filter>
    </CustomBuild>
    <CustomBuild Include="staticspells.h">
      <Filter>Header Files\Data Headers</Filter>
    </CustomBuild>
    <CustomBuild Include="typenames.h">
      <Filter>Header Files\Data Headers</Filter>
    </CustomBuild>
    <CustomBuild Include="weapons.h">
      <Filter>Header Files\Data Headers</Filter>
    </CustomBuild>
    <CustomBuild Include="weapons1.h">
      <Filter>Header Files\Data Headers</Filter>
    </CustomBuild>
    <CustomBuild Include="weapons27.h">
      <Filter>Header Files\Data Headers</Filter>
    </CustomBuild>
    <CustomBuild Include="weapons28.h">
      <Filter>Header Files\Data Headers</Filter>
    </CustomBuild>
    <CustomBuild Include="weapons29.h">
      <Filter>Header Files\Data Headers</Filter>
    </CustomBuild>
    <CustomBuild Include="weapons2a.h">
      <Filter>Header Files\Data Headers</Filter>
    </CustomBuild>
    <CustomBuild Include="weapons2b.h">
      <Filter>Header Files\Data Headers</Filter>
    </CustomBuild>
    <CustomBuild Include="weapons2c.h">
      <Filter>Header Files\Data Headers</Filter>
    </CustomBuild>
    <CustomBuild Include="zones.h">
      <Filter>Header Files\Data Headers</Filter>
    </CustomBuild>
    <CustomBuild Include="combatlog.h">
      <Filter>Header Files\Gui</Filter>
    </CustomBuild>
    <CustomBuild Include="compass.h">
      <Filter>Header Files\Gui</Filter>
    </CustomBuild>
    <CustomBuild Include="compassframe.h">
      <Filter>Header Files\Gui</Filter>
    </CustomBuild>
    <CustomBuild Include="editor.h">
      <Filter>Header Files\Gui</Filter>
    </CustomBuild>
    <CustomBuild Include="experiencelog.h">
      <Filter>Header Files\Gui</Filter>
    </CustomBuild>
    <CustomBuild Include="guildlist.h">
      <Filter>Header Files\Gui</Filter>
    </CustomBuild>
    <CustomBuild Include="interface.h">
      <Filter>Header Files\Gui</Filter>
    </CustomBuild>
    <CustomBuild Include="map.h">
      <Filter>Header Files\Gui</Filter>
    </CustomBuild>
    <CustomBuild Include="mapicondialog.h">
      <Filter>Header Files\Gui</Filter>
    </CustomBuild>
    <CustomBuild Include="messagefilterdialog.h">
      <Filter>Header Files\Gui</Filter>
    </CustomBuild>
    <CustomBuild Include="messagewindow.h">
      <Filter>Header Files\Gui</Filter>
    </CustomBuild>
    <CustomBuild Include="seqlistview.h">
      <Filter>Header Files\Gui</Filter>
    </CustomBuild>
    <CustomBuild Include="seqwindow.h">
      <Filter>Header Files\Gui</Filter>
    </CustomBuild>
    <CustomBuild Include="skilllist.h">
      <Filter>Header Files\Gui</Filter>
    </CustomBuild>
    <CustomBuild Include="spawnlist.h">
      <Filter>Header Files\Gui</Filter>
    </CustomBuild>
    <CustomBuild Include="spawnlist2.h">
      <Filter>Header Files\Gui</Filter>
    </CustomBuild>
    <CustomBuild Include="spawnlist3.h">
      <Filter>Header Files\Gui</Filter>
    </CustomBuild>
    <CustomBuild Include="spawnlistcommon.h">
      <Filter>Header Files\Gui</Filter>
    </CustomBuild>
    <CustomBuild Include="spawnpointlist.h">
      <Filter>Header Files\Gui</Filter>
    </CustomBuild>
    <CustomBuild Include="spelllist.h">
      <Filter>Header Files\Gui</Filter>
    </CustomBuild>
    <CustomBuild Include="statlist.h">
      <Filter>Header Files\Gui</Filter>
    </CustomBuild>
    <CustomBuild Include="bazaarlog.h">
      <Filter>Header Files\Loggers</Filter>
    </CustomBuild>
    <CustomBuild Include="filteredspawnlog.h">
      <Filter>Header Files\Loggers</Filter>
    </CustomBuild>
    <CustomBuild Include="logger.h">
      <Filter>Header Files\Loggers</Filter>
    </CustomBuild>
    <CustomBuild Include="spawnlog.h">
      <Filter>Header Files\Loggers</Filter>
    </CustomBuild>
    <CustomBuild Include="datasource.h">
      <Filter>Header Files\Network</Filter>
    </CustomBuild>
    <CustomBuild Include="netstream.h">
      <Filter>Header Files\Network</Filter>
    </CustomBuild>
    <CustomBuild Include="packet.h">
      <Filter>Header Files\Network</Filter>
    </CustomBuild>
    <CustomBuild Include="packetcommon.h">
      <Filter>Header Files\Network</Filter>
    </CustomBuild>
    <CustomBuild Include="packetinfo.h">
      <Filter>Header Files\Network</Filter>
    </CustomBuild>
    <CustomBuild Include="remotepacket.h">
      <Filter>Header Files\Network</Filter>
    </CustomBuild>
    <CustomBuild Include="GeneratedFiles\Debug\qtcolorpicker.moc">
      <Filter>Generated Files\Debug</Filter>
    </CustomBuild>
    <CustomBuild Include="GeneratedFiles\Release\qtcolorpicker.moc">
      <Filter>Generated Files\Release</Filter>
    </CustomBuild>
    <CustomBuild Include="categorydialog.ui">
      <Filter>Form Files</Filter>
    </CustomBuild>
    <CustomBuild Include="connectionframe.ui">
      <Filter>Form Files</Filter>
    </CustomBuild>
    <CustomBuild Include="mainwindow.ui">
      <Filter>Form Files</Filter>
    </CustomBuild>
    <CustomBuild Include="mapicondialog.ui">
      <Filter>Form Files</Filter>
    </CustomBuild>
    <CustomBuild Include="spawnlist3.ui">
      <Filter>Form Files</Filter>
    </CustomBuild>
    <CustomBuild Include="..\contrib\qtcolorpicker\qtcolorpicker.h">
      <Filter>Contrib\Header Files</Filter>
    </CustomBuild>
    <CustomBuild Include="spawnlistview.h">
      <Filter>Header Files</Filter>
    </CustomBuild>
    <CustomBuild Include="spawnlistview.ui">
      <Filter>Form Files</Filter>
    </CustomBuild>
  </ItemGroup>
</Project>